// !$*UTF8*$!
{
	archiveVersion = 1;
	classes = {
	};
	objectVersion = 51;
	objects = {

/* Begin PBXBuildFile section */
		825E1D43BF3A8CD45660F60D /* Pods_achievementsTests.framework in Frameworks */ = {isa = PBXBuildFile; fileRef = C896202FB7D32745338C8FF5 /* Pods_achievementsTests.framework */; };
		9934B5CD83E2F83B4B865A9D /* Pods_achievements.framework in Frameworks */ = {isa = PBXBuildFile; fileRef = B91FC670CCE80E443AB4694D /* Pods_achievements.framework */; };
		B307CE7D271075C200FB7E8C /* TransactionTemplateTest.swift in Sources */ = {isa = PBXBuildFile; fileRef = B307CE7C271075C200FB7E8C /* TransactionTemplateTest.swift */; };
		B307CE7F271083A600FB7E8C /* ExpenseTemplateTest.swift in Sources */ = {isa = PBXBuildFile; fileRef = B307CE7E271083A600FB7E8C /* ExpenseTemplateTest.swift */; };
		B307CE812713886200FB7E8C /* ExpenseTemplateTest.swift in Sources */ = {isa = PBXBuildFile; fileRef = B307CE802713886200FB7E8C /* ExpenseTemplateTest.swift */; };
		B307CE83271456EB00FB7E8C /* Settings.swift in Sources */ = {isa = PBXBuildFile; fileRef = B307CE82271456EB00FB7E8C /* Settings.swift */; };
		B307CE8527147DCE00FB7E8C /* SettingsTest.swift in Sources */ = {isa = PBXBuildFile; fileRef = B307CE8427147DCE00FB7E8C /* SettingsTest.swift */; };
		B307CE8727147EEE00FB7E8C /* AutomaticPurgeTest.swift in Sources */ = {isa = PBXBuildFile; fileRef = B307CE8627147EED00FB7E8C /* AutomaticPurgeTest.swift */; };
		B307CE892714A31100FB7E8C /* ProgressWheelTest.swift in Sources */ = {isa = PBXBuildFile; fileRef = B307CE882714A31100FB7E8C /* ProgressWheelTest.swift */; };
		B307CE902714E56C00FB7E8C /* Localizable.strings in Resources */ = {isa = PBXBuildFile; fileRef = B307CE8E2714E56C00FB7E8C /* Localizable.strings */; };
		B307CE942715AD3500FB7E8C /* StatisticsPresenter.swift in Sources */ = {isa = PBXBuildFile; fileRef = B307CE932715AD3500FB7E8C /* StatisticsPresenter.swift */; };
		B30B86A5272ADB470075C392 /* EmptyScreenTest.swift in Sources */ = {isa = PBXBuildFile; fileRef = B30B86A4272ADB470075C392 /* EmptyScreenTest.swift */; };
		B30CA4A62721D3120032E646 /* achievements-logo.png in Resources */ = {isa = PBXBuildFile; fileRef = B30CA4A52721D3120032E646 /* achievements-logo.png */; };
		B30CA4A82725DF2F0032E646 /* TransactionTemplatesDragNDropTest.swift in Sources */ = {isa = PBXBuildFile; fileRef = B30CA4A72725DF2F0032E646 /* TransactionTemplatesDragNDropTest.swift */; };
		B30CA4AA2725DFCA0032E646 /* TransactionTemplatesSortingTest.swift in Sources */ = {isa = PBXBuildFile; fileRef = B30CA4A92725DFCA0032E646 /* TransactionTemplatesSortingTest.swift */; };
		B30CA4AC27271BE30032E646 /* IncomeConvenienceMenuTest.swift in Sources */ = {isa = PBXBuildFile; fileRef = B30CA4AB27271BE30032E646 /* IncomeConvenienceMenuTest.swift */; };
		B30CA4AE27272DE80032E646 /* ExpenseConvenienceMenuTest.swift in Sources */ = {isa = PBXBuildFile; fileRef = B30CA4AD27272DE80032E646 /* ExpenseConvenienceMenuTest.swift */; };
		B3186B6D270B63A6000B4AE8 /* ProgressWheel.swift in Sources */ = {isa = PBXBuildFile; fileRef = B3186B6C270B63A6000B4AE8 /* ProgressWheel.swift */; };
		B328322D26D93F22007CAD2A /* AppDelegate.swift in Sources */ = {isa = PBXBuildFile; fileRef = B328322C26D93F22007CAD2A /* AppDelegate.swift */; };
		B328322F26D93F22007CAD2A /* SceneDelegate.swift in Sources */ = {isa = PBXBuildFile; fileRef = B328322E26D93F22007CAD2A /* SceneDelegate.swift */; };
		B328323426D93F22007CAD2A /* AccountPresenterStoryboard.storyboard in Resources */ = {isa = PBXBuildFile; fileRef = B328323226D93F22007CAD2A /* AccountPresenterStoryboard.storyboard */; };
		B328323626D93F23007CAD2A /* Assets.xcassets in Resources */ = {isa = PBXBuildFile; fileRef = B328323526D93F23007CAD2A /* Assets.xcassets */; };
		B328323926D93F23007CAD2A /* LaunchScreen.storyboard in Resources */ = {isa = PBXBuildFile; fileRef = B328323726D93F23007CAD2A /* LaunchScreen.storyboard */; };
		B328325D26D94909007CAD2A /* DashboardController.swift in Sources */ = {isa = PBXBuildFile; fileRef = B328325C26D94909007CAD2A /* DashboardController.swift */; };
		B328326926DBD1A0007CAD2A /* AchievementsDataModel.xcdatamodeld in Sources */ = {isa = PBXBuildFile; fileRef = B328326726DBD1A0007CAD2A /* AchievementsDataModel.xcdatamodeld */; };
		B328326C26DBD253007CAD2A /* AchievementTransaction+CoreDataClass.swift in Sources */ = {isa = PBXBuildFile; fileRef = B328326A26DBD253007CAD2A /* AchievementTransaction+CoreDataClass.swift */; };
		B328326D26DBD253007CAD2A /* AchievementTransaction+CoreDataProperties.swift in Sources */ = {isa = PBXBuildFile; fileRef = B328326B26DBD253007CAD2A /* AchievementTransaction+CoreDataProperties.swift */; };
		B328326F26DBD379007CAD2A /* AchievementsDataModel.swift in Sources */ = {isa = PBXBuildFile; fileRef = B328326E26DBD379007CAD2A /* AchievementsDataModel.swift */; };
		B328327326DC2D02007CAD2A /* AchievementTransactionFormController.swift in Sources */ = {isa = PBXBuildFile; fileRef = B328327226DC2D02007CAD2A /* AchievementTransactionFormController.swift */; };
		B32F88052718B6D2004D0960 /* AchievementTransactionsPresenterStoryboard.storyboard in Resources */ = {isa = PBXBuildFile; fileRef = B32F88072718B6D2004D0960 /* AchievementTransactionsPresenterStoryboard.storyboard */; };
		B32F880B2718B98B004D0960 /* AccountPresenter.swift in Sources */ = {isa = PBXBuildFile; fileRef = B32F880A2718B98B004D0960 /* AccountPresenter.swift */; };
		B349499326E1483E00829A5F /* HistoryTableViewController.swift in Sources */ = {isa = PBXBuildFile; fileRef = B349499226E1483E00829A5F /* HistoryTableViewController.swift */; };
		B349499526E1670F00829A5F /* TransactionDetailViewController.swift in Sources */ = {isa = PBXBuildFile; fileRef = B349499426E1670F00829A5F /* TransactionDetailViewController.swift */; };
		B349499726E3D31100829A5F /* TransactionTemplatesListViewController.swift in Sources */ = {isa = PBXBuildFile; fileRef = B349499626E3D31100829A5F /* TransactionTemplatesListViewController.swift */; };
		B349499926E3DB6E00829A5F /* TransactionTemplateFormController.swift in Sources */ = {isa = PBXBuildFile; fileRef = B349499826E3DB6E00829A5F /* TransactionTemplateFormController.swift */; };
		B361477C2721852E00941051 /* BackupRestoreTest.swift in Sources */ = {isa = PBXBuildFile; fileRef = B361477B2721852E00941051 /* BackupRestoreTest.swift */; };
		B361478027218C7400941051 /* SettingsTest.swift in Sources */ = {isa = PBXBuildFile; fileRef = B361477F27218C7400941051 /* SettingsTest.swift */; };
		B361478127219E9500941051 /* SettingsPresenterStoryboard.storyboard in Resources */ = {isa = PBXBuildFile; fileRef = B361478327219E9500941051 /* SettingsPresenterStoryboard.storyboard */; };
		B381160426E10B130090029D /* HistoricalTransaction+CoreDataProperties.swift in Sources */ = {isa = PBXBuildFile; fileRef = B381160226E10B130090029D /* HistoricalTransaction+CoreDataProperties.swift */; };
		B381160526E10B130090029D /* HistoricalTransaction+CoreDataClass.swift in Sources */ = {isa = PBXBuildFile; fileRef = B381160326E10B130090029D /* HistoricalTransaction+CoreDataClass.swift */; };
		B382BCCB2728004E005872BE /* StatisticsTableViewController.swift in Sources */ = {isa = PBXBuildFile; fileRef = B382BCCA2728004E005872BE /* StatisticsTableViewController.swift */; };
		B382BCCE27282739005872BE /* NumberHelper.swift in Sources */ = {isa = PBXBuildFile; fileRef = B382BCCD27282739005872BE /* NumberHelper.swift */; };
		B382BCD127282814005872BE /* NumberHelperTest.swift in Sources */ = {isa = PBXBuildFile; fileRef = B382BCD027282814005872BE /* NumberHelperTest.swift */; };
		B384E15D276F4C3700C0B007 /* DateHelper.swift in Sources */ = {isa = PBXBuildFile; fileRef = B384E15C276F4C3700C0B007 /* DateHelper.swift */; };
		B384E15F276F4CCD00C0B007 /* DayHelperTest.swift in Sources */ = {isa = PBXBuildFile; fileRef = B384E15E276F4CCD00C0B007 /* DayHelperTest.swift */; };
		B38AB01427A2B4E6005893DE /* SpinnerViewController.swift in Sources */ = {isa = PBXBuildFile; fileRef = B38AB01327A2B4E6005893DE /* SpinnerViewController.swift */; };
		B3939ABD2704797C005D243B /* AchievementTransactionTest.swift in Sources */ = {isa = PBXBuildFile; fileRef = B3939ABC2704797C005D243B /* AchievementTransactionTest.swift */; };
		B3939AC0270481FC005D243B /* HistoricalTransactionTest.swift in Sources */ = {isa = PBXBuildFile; fileRef = B3939ABF270481FC005D243B /* HistoricalTransactionTest.swift */; };
		B3939AC927049F51005D243B /* AchievementTransactionTest.swift in Sources */ = {isa = PBXBuildFile; fileRef = B3939AC827049F51005D243B /* AchievementTransactionTest.swift */; };
		B3939ACB2705F627005D243B /* IncomeTemplateTest.swift in Sources */ = {isa = PBXBuildFile; fileRef = B3939ACA2705F627005D243B /* IncomeTemplateTest.swift */; };
		B3939ACD2705FE44005D243B /* MultiplteTransactionsAndPurgeTest.swift in Sources */ = {isa = PBXBuildFile; fileRef = B3939ACC2705FE44005D243B /* MultiplteTransactionsAndPurgeTest.swift */; };
		B3939ACF2706048D005D243B /* HistoricalTransactionTest.swift in Sources */ = {isa = PBXBuildFile; fileRef = B3939ACE2706048D005D243B /* HistoricalTransactionTest.swift */; };
		B393D82D2715C15900232482 /* StatisticsPresenterStoryboard.storyboard in Resources */ = {isa = PBXBuildFile; fileRef = B393D82F2715C15900232482 /* StatisticsPresenterStoryboard.storyboard */; };
		B393D8332715D17600232482 /* TransactionTemplatesPresenter.swift in Sources */ = {isa = PBXBuildFile; fileRef = B393D8322715D17600232482 /* TransactionTemplatesPresenter.swift */; };
		B393D8382718A9E500232482 /* TransactionTemplatesPresenterStoryboard.storyboard in Resources */ = {isa = PBXBuildFile; fileRef = B393D83A2718A9E500232482 /* TransactionTemplatesPresenterStoryboard.storyboard */; };
		B393D83E2718AC1300232482 /* AchievementTransactionsPresenter.swift in Sources */ = {isa = PBXBuildFile; fileRef = B393D83D2718AC1300232482 /* AchievementTransactionsPresenter.swift */; };
		B396BAA127CBC35500FD78AC /* AchievementsDatabaseBackup.swift in Sources */ = {isa = PBXBuildFile; fileRef = B396BAA027CBC35500FD78AC /* AchievementsDatabaseBackup.swift */; };
		B396BAA327CBC46800FD78AC /* Account.swift in Sources */ = {isa = PBXBuildFile; fileRef = B396BAA227CBC46800FD78AC /* Account.swift */; };
		B3A6FB4D2829551800213FA6 /* TextOverlayViewController.swift in Sources */ = {isa = PBXBuildFile; fileRef = B3A6FB4C2829551800213FA6 /* TextOverlayViewController.swift */; };
		B3B6D74727C2E5C7007DE0E8 /* HistoricalTransactionSerializationTest.swift in Sources */ = {isa = PBXBuildFile; fileRef = B3B6D74627C2E5C7007DE0E8 /* HistoricalTransactionSerializationTest.swift */; };
		B3C059882847AB6400227A90 /* Onboardings.strings in Resources */ = {isa = PBXBuildFile; fileRef = B3C0598A2847AB6400227A90 /* Onboardings.strings */; };
		B3C5C4AF26E3E20800A52CBC /* TransactionTemplate+CoreDataClass.swift in Sources */ = {isa = PBXBuildFile; fileRef = B3C5C4AD26E3E20800A52CBC /* TransactionTemplate+CoreDataClass.swift */; };
		B3C5C4B026E3E20800A52CBC /* TransactionTemplate+CoreDataProperties.swift in Sources */ = {isa = PBXBuildFile; fileRef = B3C5C4AE26E3E20800A52CBC /* TransactionTemplate+CoreDataProperties.swift */; };
		B3E7475427199E8F006C92C5 /* SettingsPresenter.swift in Sources */ = {isa = PBXBuildFile; fileRef = B3E7475327199E8F006C92C5 /* SettingsPresenter.swift */; };
		B3E7475A27199F54006C92C5 /* SettingsListTableViewController.swift in Sources */ = {isa = PBXBuildFile; fileRef = B3E7475927199F54006C92C5 /* SettingsListTableViewController.swift */; };
		B3E7475E2719D21B006C92C5 /* BackupAndRestoreViewController.swift in Sources */ = {isa = PBXBuildFile; fileRef = B3E7475D2719D21B006C92C5 /* BackupAndRestoreViewController.swift */; };
		B3FB47FD26FB3D3700494C4F /* IncomeTemplateTest.swift in Sources */ = {isa = PBXBuildFile; fileRef = B3FB47FC26FB3D3700494C4F /* IncomeTemplateTest.swift */; };
		B3FB480026FB471200494C4F /* AchievementsDataModelTest.swift in Sources */ = {isa = PBXBuildFile; fileRef = B3FB47FF26FB471200494C4F /* AchievementsDataModelTest.swift */; };
		BFD6C785F97405A1226BF454 /* Pods_achievements_achievementsUITests.framework in Frameworks */ = {isa = PBXBuildFile; fileRef = C1A735B418EFC8B305903A53 /* Pods_achievements_achievementsUITests.framework */; };
/* End PBXBuildFile section */

/* Begin PBXContainerItemProxy section */
		B328324026D93F23007CAD2A /* PBXContainerItemProxy */ = {
			isa = PBXContainerItemProxy;
			containerPortal = B328322126D93F22007CAD2A /* Project object */;
			proxyType = 1;
			remoteGlobalIDString = B328322826D93F22007CAD2A;
			remoteInfo = achievements;
		};
		B328324B26D93F23007CAD2A /* PBXContainerItemProxy */ = {
			isa = PBXContainerItemProxy;
			containerPortal = B328322126D93F22007CAD2A /* Project object */;
			proxyType = 1;
			remoteGlobalIDString = B328322826D93F22007CAD2A;
			remoteInfo = achievements;
		};
/* End PBXContainerItemProxy section */

/* Begin PBXFileReference section */
		28B15C75CF263CDDFB9F367A /* Pods-achievementsTests.release.xcconfig */ = {isa = PBXFileReference; includeInIndex = 1; lastKnownFileType = text.xcconfig; name = "Pods-achievementsTests.release.xcconfig"; path = "Target Support Files/Pods-achievementsTests/Pods-achievementsTests.release.xcconfig"; sourceTree = "<group>"; };
		63547EF14F7522796196D941 /* Pods-achievementsTests.debug.xcconfig */ = {isa = PBXFileReference; includeInIndex = 1; lastKnownFileType = text.xcconfig; name = "Pods-achievementsTests.debug.xcconfig"; path = "Target Support Files/Pods-achievementsTests/Pods-achievementsTests.debug.xcconfig"; sourceTree = "<group>"; };
		7CFC9745E66B8E13D341C26D /* Pods-achievements.debug.xcconfig */ = {isa = PBXFileReference; includeInIndex = 1; lastKnownFileType = text.xcconfig; name = "Pods-achievements.debug.xcconfig"; path = "Target Support Files/Pods-achievements/Pods-achievements.debug.xcconfig"; sourceTree = "<group>"; };
		B307CE7C271075C200FB7E8C /* TransactionTemplateTest.swift */ = {isa = PBXFileReference; lastKnownFileType = sourcecode.swift; path = TransactionTemplateTest.swift; sourceTree = "<group>"; };
		B307CE7E271083A600FB7E8C /* ExpenseTemplateTest.swift */ = {isa = PBXFileReference; lastKnownFileType = sourcecode.swift; path = ExpenseTemplateTest.swift; sourceTree = "<group>"; };
		B307CE802713886200FB7E8C /* ExpenseTemplateTest.swift */ = {isa = PBXFileReference; lastKnownFileType = sourcecode.swift; path = ExpenseTemplateTest.swift; sourceTree = "<group>"; };
		B307CE82271456EB00FB7E8C /* Settings.swift */ = {isa = PBXFileReference; lastKnownFileType = sourcecode.swift; path = Settings.swift; sourceTree = "<group>"; };
		B307CE8427147DCE00FB7E8C /* SettingsTest.swift */ = {isa = PBXFileReference; lastKnownFileType = sourcecode.swift; path = SettingsTest.swift; sourceTree = "<group>"; };
		B307CE8627147EED00FB7E8C /* AutomaticPurgeTest.swift */ = {isa = PBXFileReference; lastKnownFileType = sourcecode.swift; path = AutomaticPurgeTest.swift; sourceTree = "<group>"; };
		B307CE882714A31100FB7E8C /* ProgressWheelTest.swift */ = {isa = PBXFileReference; lastKnownFileType = sourcecode.swift; path = ProgressWheelTest.swift; sourceTree = "<group>"; };
		B307CE8C2714DC3500FB7E8C /* de */ = {isa = PBXFileReference; lastKnownFileType = text.plist.strings; name = de; path = de.lproj/AccountPresenterStoryboard.strings; sourceTree = "<group>"; };
		B307CE8D2714DC3500FB7E8C /* de */ = {isa = PBXFileReference; lastKnownFileType = text.plist.strings; name = de; path = de.lproj/LaunchScreen.strings; sourceTree = "<group>"; };
		B307CE8F2714E56C00FB7E8C /* de */ = {isa = PBXFileReference; lastKnownFileType = text.plist.strings; name = de; path = de.lproj/Localizable.strings; sourceTree = "<group>"; };
		B307CE932715AD3500FB7E8C /* StatisticsPresenter.swift */ = {isa = PBXFileReference; lastKnownFileType = sourcecode.swift; path = StatisticsPresenter.swift; sourceTree = "<group>"; };
		B30B86A4272ADB470075C392 /* EmptyScreenTest.swift */ = {isa = PBXFileReference; lastKnownFileType = sourcecode.swift; path = EmptyScreenTest.swift; sourceTree = "<group>"; };
		B30CA4A52721D3120032E646 /* achievements-logo.png */ = {isa = PBXFileReference; lastKnownFileType = image.png; path = "achievements-logo.png"; sourceTree = "<group>"; };
		B30CA4A72725DF2F0032E646 /* TransactionTemplatesDragNDropTest.swift */ = {isa = PBXFileReference; lastKnownFileType = sourcecode.swift; path = TransactionTemplatesDragNDropTest.swift; sourceTree = "<group>"; };
		B30CA4A92725DFCA0032E646 /* TransactionTemplatesSortingTest.swift */ = {isa = PBXFileReference; lastKnownFileType = sourcecode.swift; path = TransactionTemplatesSortingTest.swift; sourceTree = "<group>"; };
		B30CA4AB27271BE30032E646 /* IncomeConvenienceMenuTest.swift */ = {isa = PBXFileReference; lastKnownFileType = sourcecode.swift; path = IncomeConvenienceMenuTest.swift; sourceTree = "<group>"; };
		B30CA4AD27272DE80032E646 /* ExpenseConvenienceMenuTest.swift */ = {isa = PBXFileReference; lastKnownFileType = sourcecode.swift; path = ExpenseConvenienceMenuTest.swift; sourceTree = "<group>"; };
		B3186B6C270B63A6000B4AE8 /* ProgressWheel.swift */ = {isa = PBXFileReference; fileEncoding = 4; lastKnownFileType = sourcecode.swift; path = ProgressWheel.swift; sourceTree = "<group>"; };
		B328322926D93F22007CAD2A /* achievements.app */ = {isa = PBXFileReference; explicitFileType = wrapper.application; includeInIndex = 0; path = achievements.app; sourceTree = BUILT_PRODUCTS_DIR; };
		B328322C26D93F22007CAD2A /* AppDelegate.swift */ = {isa = PBXFileReference; lastKnownFileType = sourcecode.swift; path = AppDelegate.swift; sourceTree = "<group>"; };
		B328322E26D93F22007CAD2A /* SceneDelegate.swift */ = {isa = PBXFileReference; lastKnownFileType = sourcecode.swift; path = SceneDelegate.swift; sourceTree = "<group>"; };
		B328323326D93F22007CAD2A /* Base */ = {isa = PBXFileReference; lastKnownFileType = file.storyboard; name = Base; path = Base.lproj/AccountPresenterStoryboard.storyboard; sourceTree = "<group>"; };
		B328323526D93F23007CAD2A /* Assets.xcassets */ = {isa = PBXFileReference; lastKnownFileType = folder.assetcatalog; path = Assets.xcassets; sourceTree = "<group>"; };
		B328323826D93F23007CAD2A /* Base */ = {isa = PBXFileReference; lastKnownFileType = file.storyboard; name = Base; path = Base.lproj/LaunchScreen.storyboard; sourceTree = "<group>"; };
		B328323A26D93F23007CAD2A /* Info.plist */ = {isa = PBXFileReference; lastKnownFileType = text.plist.xml; path = Info.plist; sourceTree = "<group>"; };
		B328323F26D93F23007CAD2A /* achievementsTests.xctest */ = {isa = PBXFileReference; explicitFileType = wrapper.cfbundle; includeInIndex = 0; path = achievementsTests.xctest; sourceTree = BUILT_PRODUCTS_DIR; };
		B328324526D93F23007CAD2A /* Info.plist */ = {isa = PBXFileReference; lastKnownFileType = text.plist.xml; path = Info.plist; sourceTree = "<group>"; };
		B328324A26D93F23007CAD2A /* achievementsUITests.xctest */ = {isa = PBXFileReference; explicitFileType = wrapper.cfbundle; includeInIndex = 0; path = achievementsUITests.xctest; sourceTree = BUILT_PRODUCTS_DIR; };
		B328325026D93F23007CAD2A /* Info.plist */ = {isa = PBXFileReference; lastKnownFileType = text.plist.xml; path = Info.plist; sourceTree = "<group>"; };
		B328325C26D94909007CAD2A /* DashboardController.swift */ = {isa = PBXFileReference; lastKnownFileType = sourcecode.swift; path = DashboardController.swift; sourceTree = "<group>"; };
		B328326826DBD1A0007CAD2A /* AchievementsDataModel.xcdatamodel */ = {isa = PBXFileReference; lastKnownFileType = wrapper.xcdatamodel; path = AchievementsDataModel.xcdatamodel; sourceTree = "<group>"; };
		B328326A26DBD253007CAD2A /* AchievementTransaction+CoreDataClass.swift */ = {isa = PBXFileReference; lastKnownFileType = sourcecode.swift; name = "AchievementTransaction+CoreDataClass.swift"; path = "achievements/Model/AchievementTransaction/AchievementTransaction+CoreDataClass.swift"; sourceTree = SOURCE_ROOT; };
		B328326B26DBD253007CAD2A /* AchievementTransaction+CoreDataProperties.swift */ = {isa = PBXFileReference; lastKnownFileType = sourcecode.swift; name = "AchievementTransaction+CoreDataProperties.swift"; path = "achievements/Model/AchievementTransaction/AchievementTransaction+CoreDataProperties.swift"; sourceTree = SOURCE_ROOT; };
		B328326E26DBD379007CAD2A /* AchievementsDataModel.swift */ = {isa = PBXFileReference; lastKnownFileType = sourcecode.swift; path = AchievementsDataModel.swift; sourceTree = "<group>"; };
		B328327226DC2D02007CAD2A /* AchievementTransactionFormController.swift */ = {isa = PBXFileReference; lastKnownFileType = sourcecode.swift; path = AchievementTransactionFormController.swift; sourceTree = "<group>"; };
		B32F88062718B6D2004D0960 /* Base */ = {isa = PBXFileReference; lastKnownFileType = file.storyboard; name = Base; path = Base.lproj/AchievementTransactionsPresenterStoryboard.storyboard; sourceTree = "<group>"; };
		B32F88092718B6D3004D0960 /* de */ = {isa = PBXFileReference; lastKnownFileType = text.plist.strings; name = de; path = de.lproj/AchievementTransactionsPresenterStoryboard.strings; sourceTree = "<group>"; };
		B32F880A2718B98B004D0960 /* AccountPresenter.swift */ = {isa = PBXFileReference; lastKnownFileType = sourcecode.swift; path = AccountPresenter.swift; sourceTree = "<group>"; };
		B349499226E1483E00829A5F /* HistoryTableViewController.swift */ = {isa = PBXFileReference; lastKnownFileType = sourcecode.swift; path = HistoryTableViewController.swift; sourceTree = "<group>"; };
		B349499426E1670F00829A5F /* TransactionDetailViewController.swift */ = {isa = PBXFileReference; lastKnownFileType = sourcecode.swift; path = TransactionDetailViewController.swift; sourceTree = "<group>"; };
		B349499626E3D31100829A5F /* TransactionTemplatesListViewController.swift */ = {isa = PBXFileReference; lastKnownFileType = sourcecode.swift; path = TransactionTemplatesListViewController.swift; sourceTree = "<group>"; };
		B349499826E3DB6E00829A5F /* TransactionTemplateFormController.swift */ = {isa = PBXFileReference; lastKnownFileType = sourcecode.swift; path = TransactionTemplateFormController.swift; sourceTree = "<group>"; };
		B361477B2721852E00941051 /* BackupRestoreTest.swift */ = {isa = PBXFileReference; lastKnownFileType = sourcecode.swift; name = BackupRestoreTest.swift; path = achievementsTests/Presenter/SettingsPresenter/BackupRestoreTest.swift; sourceTree = SOURCE_ROOT; };
		B361477F27218C7400941051 /* SettingsTest.swift */ = {isa = PBXFileReference; lastKnownFileType = sourcecode.swift; path = SettingsTest.swift; sourceTree = "<group>"; };
		B361478227219E9500941051 /* Base */ = {isa = PBXFileReference; lastKnownFileType = file.storyboard; name = Base; path = Base.lproj/SettingsPresenterStoryboard.storyboard; sourceTree = "<group>"; };
		B361478527219E9800941051 /* de */ = {isa = PBXFileReference; lastKnownFileType = text.plist.strings; name = de; path = de.lproj/SettingsPresenterStoryboard.strings; sourceTree = "<group>"; };
		B381160226E10B130090029D /* HistoricalTransaction+CoreDataProperties.swift */ = {isa = PBXFileReference; fileEncoding = 4; lastKnownFileType = sourcecode.swift; path = "HistoricalTransaction+CoreDataProperties.swift"; sourceTree = "<group>"; };
		B381160326E10B130090029D /* HistoricalTransaction+CoreDataClass.swift */ = {isa = PBXFileReference; fileEncoding = 4; lastKnownFileType = sourcecode.swift; path = "HistoricalTransaction+CoreDataClass.swift"; sourceTree = "<group>"; };
		B382BCCA2728004E005872BE /* StatisticsTableViewController.swift */ = {isa = PBXFileReference; lastKnownFileType = sourcecode.swift; path = StatisticsTableViewController.swift; sourceTree = "<group>"; };
		B382BCCD27282739005872BE /* NumberHelper.swift */ = {isa = PBXFileReference; lastKnownFileType = sourcecode.swift; path = NumberHelper.swift; sourceTree = "<group>"; };
		B382BCD027282814005872BE /* NumberHelperTest.swift */ = {isa = PBXFileReference; lastKnownFileType = sourcecode.swift; path = NumberHelperTest.swift; sourceTree = "<group>"; };
		B384E15C276F4C3700C0B007 /* DateHelper.swift */ = {isa = PBXFileReference; lastKnownFileType = sourcecode.swift; path = DateHelper.swift; sourceTree = "<group>"; };
		B384E15E276F4CCD00C0B007 /* DayHelperTest.swift */ = {isa = PBXFileReference; lastKnownFileType = sourcecode.swift; path = DayHelperTest.swift; sourceTree = "<group>"; };
		B38AB01327A2B4E6005893DE /* SpinnerViewController.swift */ = {isa = PBXFileReference; lastKnownFileType = sourcecode.swift; path = SpinnerViewController.swift; sourceTree = "<group>"; };
		B3939ABC2704797C005D243B /* AchievementTransactionTest.swift */ = {isa = PBXFileReference; lastKnownFileType = sourcecode.swift; path = AchievementTransactionTest.swift; sourceTree = "<group>"; };
		B3939ABF270481FC005D243B /* HistoricalTransactionTest.swift */ = {isa = PBXFileReference; lastKnownFileType = sourcecode.swift; path = HistoricalTransactionTest.swift; sourceTree = "<group>"; };
		B3939AC827049F51005D243B /* AchievementTransactionTest.swift */ = {isa = PBXFileReference; lastKnownFileType = sourcecode.swift; path = AchievementTransactionTest.swift; sourceTree = "<group>"; };
		B3939ACA2705F627005D243B /* IncomeTemplateTest.swift */ = {isa = PBXFileReference; lastKnownFileType = sourcecode.swift; path = IncomeTemplateTest.swift; sourceTree = "<group>"; };
		B3939ACC2705FE44005D243B /* MultiplteTransactionsAndPurgeTest.swift */ = {isa = PBXFileReference; lastKnownFileType = sourcecode.swift; path = MultiplteTransactionsAndPurgeTest.swift; sourceTree = "<group>"; };
		B3939ACE2706048D005D243B /* HistoricalTransactionTest.swift */ = {isa = PBXFileReference; lastKnownFileType = sourcecode.swift; path = HistoricalTransactionTest.swift; sourceTree = "<group>"; };
		B393D82E2715C15900232482 /* Base */ = {isa = PBXFileReference; lastKnownFileType = file.storyboard; name = Base; path = Base.lproj/StatisticsPresenterStoryboard.storyboard; sourceTree = "<group>"; };
		B393D8312715C15F00232482 /* de */ = {isa = PBXFileReference; lastKnownFileType = text.plist.strings; name = de; path = de.lproj/StatisticsPresenterStoryboard.strings; sourceTree = "<group>"; };
		B393D8322715D17600232482 /* TransactionTemplatesPresenter.swift */ = {isa = PBXFileReference; lastKnownFileType = sourcecode.swift; path = TransactionTemplatesPresenter.swift; sourceTree = "<group>"; };
		B393D8392718A9E500232482 /* Base */ = {isa = PBXFileReference; lastKnownFileType = file.storyboard; name = Base; path = Base.lproj/TransactionTemplatesPresenterStoryboard.storyboard; sourceTree = "<group>"; };
		B393D83C2718A9E700232482 /* de */ = {isa = PBXFileReference; lastKnownFileType = text.plist.strings; name = de; path = de.lproj/TransactionTemplatesPresenterStoryboard.strings; sourceTree = "<group>"; };
		B393D83D2718AC1300232482 /* AchievementTransactionsPresenter.swift */ = {isa = PBXFileReference; lastKnownFileType = sourcecode.swift; path = AchievementTransactionsPresenter.swift; sourceTree = "<group>"; };
		B396BAA027CBC35500FD78AC /* AchievementsDatabaseBackup.swift */ = {isa = PBXFileReference; lastKnownFileType = sourcecode.swift; path = AchievementsDatabaseBackup.swift; sourceTree = "<group>"; };
		B396BAA227CBC46800FD78AC /* Account.swift */ = {isa = PBXFileReference; lastKnownFileType = sourcecode.swift; path = Account.swift; sourceTree = "<group>"; };
		B3A6FB4C2829551800213FA6 /* TextOverlayViewController.swift */ = {isa = PBXFileReference; lastKnownFileType = sourcecode.swift; path = TextOverlayViewController.swift; sourceTree = "<group>"; };
		B3B6D74627C2E5C7007DE0E8 /* HistoricalTransactionSerializationTest.swift */ = {isa = PBXFileReference; lastKnownFileType = sourcecode.swift; path = HistoricalTransactionSerializationTest.swift; sourceTree = "<group>"; };
		B3C059892847AB6400227A90 /* de */ = {isa = PBXFileReference; lastKnownFileType = text.plist.strings; name = de; path = de.lproj/Onboardings.strings; sourceTree = "<group>"; };
		B3C5C4AD26E3E20800A52CBC /* TransactionTemplate+CoreDataClass.swift */ = {isa = PBXFileReference; lastKnownFileType = sourcecode.swift; path = "TransactionTemplate+CoreDataClass.swift"; sourceTree = "<group>"; };
		B3C5C4AE26E3E20800A52CBC /* TransactionTemplate+CoreDataProperties.swift */ = {isa = PBXFileReference; lastKnownFileType = sourcecode.swift; path = "TransactionTemplate+CoreDataProperties.swift"; sourceTree = "<group>"; };
		B3E7475327199E8F006C92C5 /* SettingsPresenter.swift */ = {isa = PBXFileReference; lastKnownFileType = sourcecode.swift; path = SettingsPresenter.swift; sourceTree = "<group>"; };
		B3E7475927199F54006C92C5 /* SettingsListTableViewController.swift */ = {isa = PBXFileReference; lastKnownFileType = sourcecode.swift; path = SettingsListTableViewController.swift; sourceTree = "<group>"; };
		B3E7475D2719D21B006C92C5 /* BackupAndRestoreViewController.swift */ = {isa = PBXFileReference; fileEncoding = 4; lastKnownFileType = sourcecode.swift; path = BackupAndRestoreViewController.swift; sourceTree = "<group>"; };
		B3FB47FC26FB3D3700494C4F /* IncomeTemplateTest.swift */ = {isa = PBXFileReference; lastKnownFileType = sourcecode.swift; path = IncomeTemplateTest.swift; sourceTree = "<group>"; };
		B3FB47FF26FB471200494C4F /* AchievementsDataModelTest.swift */ = {isa = PBXFileReference; lastKnownFileType = sourcecode.swift; path = AchievementsDataModelTest.swift; sourceTree = "<group>"; };
		B91FC670CCE80E443AB4694D /* Pods_achievements.framework */ = {isa = PBXFileReference; explicitFileType = wrapper.framework; includeInIndex = 0; path = Pods_achievements.framework; sourceTree = BUILT_PRODUCTS_DIR; };
		C1A735B418EFC8B305903A53 /* Pods_achievements_achievementsUITests.framework */ = {isa = PBXFileReference; explicitFileType = wrapper.framework; includeInIndex = 0; path = Pods_achievements_achievementsUITests.framework; sourceTree = BUILT_PRODUCTS_DIR; };
		C896202FB7D32745338C8FF5 /* Pods_achievementsTests.framework */ = {isa = PBXFileReference; explicitFileType = wrapper.framework; includeInIndex = 0; path = Pods_achievementsTests.framework; sourceTree = BUILT_PRODUCTS_DIR; };
		DCF3F8DFA402F4542866A61B /* Pods-achievements-achievementsUITests.debug.xcconfig */ = {isa = PBXFileReference; includeInIndex = 1; lastKnownFileType = text.xcconfig; name = "Pods-achievements-achievementsUITests.debug.xcconfig"; path = "Target Support Files/Pods-achievements-achievementsUITests/Pods-achievements-achievementsUITests.debug.xcconfig"; sourceTree = "<group>"; };
		DF6DDB2F2D1F2054E42E5B4E /* Pods-achievements-achievementsUITests.release.xcconfig */ = {isa = PBXFileReference; includeInIndex = 1; lastKnownFileType = text.xcconfig; name = "Pods-achievements-achievementsUITests.release.xcconfig"; path = "Target Support Files/Pods-achievements-achievementsUITests/Pods-achievements-achievementsUITests.release.xcconfig"; sourceTree = "<group>"; };
		EE895DDBEC390C9EB3A0201C /* Pods-achievements.release.xcconfig */ = {isa = PBXFileReference; includeInIndex = 1; lastKnownFileType = text.xcconfig; name = "Pods-achievements.release.xcconfig"; path = "Target Support Files/Pods-achievements/Pods-achievements.release.xcconfig"; sourceTree = "<group>"; };
/* End PBXFileReference section */

/* Begin PBXFrameworksBuildPhase section */
		B328322626D93F22007CAD2A /* Frameworks */ = {
			isa = PBXFrameworksBuildPhase;
			buildActionMask = 2147483647;
			files = (
				9934B5CD83E2F83B4B865A9D /* Pods_achievements.framework in Frameworks */,
			);
			runOnlyForDeploymentPostprocessing = 0;
		};
		B328323C26D93F23007CAD2A /* Frameworks */ = {
			isa = PBXFrameworksBuildPhase;
			buildActionMask = 2147483647;
			files = (
				825E1D43BF3A8CD45660F60D /* Pods_achievementsTests.framework in Frameworks */,
			);
			runOnlyForDeploymentPostprocessing = 0;
		};
		B328324726D93F23007CAD2A /* Frameworks */ = {
			isa = PBXFrameworksBuildPhase;
			buildActionMask = 2147483647;
			files = (
				BFD6C785F97405A1226BF454 /* Pods_achievements_achievementsUITests.framework in Frameworks */,
			);
			runOnlyForDeploymentPostprocessing = 0;
		};
/* End PBXFrameworksBuildPhase section */

/* Begin PBXGroup section */
		511AD3E92AD0C565CD4324CB /* Pods */ = {
			isa = PBXGroup;
			children = (
				7CFC9745E66B8E13D341C26D /* Pods-achievements.debug.xcconfig */,
				EE895DDBEC390C9EB3A0201C /* Pods-achievements.release.xcconfig */,
				DCF3F8DFA402F4542866A61B /* Pods-achievements-achievementsUITests.debug.xcconfig */,
				DF6DDB2F2D1F2054E42E5B4E /* Pods-achievements-achievementsUITests.release.xcconfig */,
				63547EF14F7522796196D941 /* Pods-achievementsTests.debug.xcconfig */,
				28B15C75CF263CDDFB9F367A /* Pods-achievementsTests.release.xcconfig */,
			);
			path = Pods;
			sourceTree = "<group>";
		};
		B307CE922715ACFA00FB7E8C /* Presenter */ = {
			isa = PBXGroup;
			children = (
				B307CE932715AD3500FB7E8C /* StatisticsPresenter.swift */,
				B393D8322715D17600232482 /* TransactionTemplatesPresenter.swift */,
				B393D83D2718AC1300232482 /* AchievementTransactionsPresenter.swift */,
				B32F880A2718B98B004D0960 /* AccountPresenter.swift */,
				B3E7475327199E8F006C92C5 /* SettingsPresenter.swift */,
			);
			path = Presenter;
			sourceTree = "<group>";
		};
		B307CE952715AE8000FB7E8C /* StatisticsPresenter */ = {
			isa = PBXGroup;
			children = (
				B393D82F2715C15900232482 /* StatisticsPresenterStoryboard.storyboard */,
			);
			path = StatisticsPresenter;
			sourceTree = "<group>";
		};
		B328322026D93F22007CAD2A = {
			isa = PBXGroup;
			children = (
				B328322B26D93F22007CAD2A /* achievements */,
				B328324226D93F23007CAD2A /* achievementsTests */,
				B328324D26D93F23007CAD2A /* achievementsUITests */,
				B328322A26D93F22007CAD2A /* Products */,
				511AD3E92AD0C565CD4324CB /* Pods */,
				E04F7E163FA5D1D646D68CC9 /* Frameworks */,
			);
			sourceTree = "<group>";
		};
		B328322A26D93F22007CAD2A /* Products */ = {
			isa = PBXGroup;
			children = (
				B328322926D93F22007CAD2A /* achievements.app */,
				B328323F26D93F23007CAD2A /* achievementsTests.xctest */,
				B328324A26D93F23007CAD2A /* achievementsUITests.xctest */,
			);
			name = Products;
			sourceTree = "<group>";
		};
		B328322B26D93F22007CAD2A /* achievements */ = {
			isa = PBXGroup;
			children = (
				B382BCCC27282719005872BE /* Helper */,
				B307CE922715ACFA00FB7E8C /* Presenter */,
				B328327726DF90B9007CAD2A /* Controller */,
				B328327626DF90AB007CAD2A /* View */,
				B328327426DF908C007CAD2A /* Model */,
				B328322C26D93F22007CAD2A /* AppDelegate.swift */,
				B328322E26D93F22007CAD2A /* SceneDelegate.swift */,
				B328323526D93F23007CAD2A /* Assets.xcassets */,
				B30CA4A52721D3120032E646 /* achievements-logo.png */,
				B328323A26D93F23007CAD2A /* Info.plist */,
				B307CE82271456EB00FB7E8C /* Settings.swift */,
			);
			path = achievements;
			sourceTree = "<group>";
		};
		B328324226D93F23007CAD2A /* achievementsTests */ = {
			isa = PBXGroup;
			children = (
				B382BCCF272827F8005872BE /* Helper */,
				B361477D272187A900941051 /* Presenter */,
				B3FB47FA26FB3D0900494C4F /* Model */,
				B328324526D93F23007CAD2A /* Info.plist */,
				B307CE8427147DCE00FB7E8C /* SettingsTest.swift */,
			);
			path = achievementsTests;
			sourceTree = "<group>";
		};
		B328324D26D93F23007CAD2A /* achievementsUITests */ = {
			isa = PBXGroup;
			children = (
				B328325026D93F23007CAD2A /* Info.plist */,
				B3939AC827049F51005D243B /* AchievementTransactionTest.swift */,
				B3939ACA2705F627005D243B /* IncomeTemplateTest.swift */,
				B3939ACC2705FE44005D243B /* MultiplteTransactionsAndPurgeTest.swift */,
				B3939ACE2706048D005D243B /* HistoricalTransactionTest.swift */,
				B307CE7E271083A600FB7E8C /* ExpenseTemplateTest.swift */,
				B307CE8627147EED00FB7E8C /* AutomaticPurgeTest.swift */,
				B307CE882714A31100FB7E8C /* ProgressWheelTest.swift */,
				B361477F27218C7400941051 /* SettingsTest.swift */,
				B30CA4A72725DF2F0032E646 /* TransactionTemplatesDragNDropTest.swift */,
				B30CA4A92725DFCA0032E646 /* TransactionTemplatesSortingTest.swift */,
				B30CA4AB27271BE30032E646 /* IncomeConvenienceMenuTest.swift */,
				B30CA4AD27272DE80032E646 /* ExpenseConvenienceMenuTest.swift */,
				B30B86A4272ADB470075C392 /* EmptyScreenTest.swift */,
			);
			path = achievementsUITests;
			sourceTree = "<group>";
		};
		B328327426DF908C007CAD2A /* Model */ = {
			isa = PBXGroup;
			children = (
				B3C5C4AC26E3E1A200A52CBC /* TransactionTemplate */,
				B381160126E10A200090029D /* HistoricalTransaction */,
				B328326726DBD1A0007CAD2A /* AchievementsDataModel.xcdatamodeld */,
				B328326E26DBD379007CAD2A /* AchievementsDataModel.swift */,
				B328327526DF9094007CAD2A /* AchievementTransaction */,
				B396BAA027CBC35500FD78AC /* AchievementsDatabaseBackup.swift */,
				B396BAA227CBC46800FD78AC /* Account.swift */,
			);
			path = Model;
			sourceTree = "<group>";
		};
		B328327526DF9094007CAD2A /* AchievementTransaction */ = {
			isa = PBXGroup;
			children = (
				B328326A26DBD253007CAD2A /* AchievementTransaction+CoreDataClass.swift */,
				B328326B26DBD253007CAD2A /* AchievementTransaction+CoreDataProperties.swift */,
			);
			path = AchievementTransaction;
			sourceTree = "<group>";
		};
		B328327626DF90AB007CAD2A /* View */ = {
			isa = PBXGroup;
			children = (
				B38AB01227A2B4D2005893DE /* Commons */,
				B3E7475627199EAD006C92C5 /* SettingsPresenter */,
				B32F880C2718B9F0004D0960 /* AccountPresenter */,
				B393D83F2718AD3C00232482 /* AchievementTransactionsPresenter */,
				B393D8342715D26F00232482 /* TransactionTemplatesPresenter */,
				B307CE952715AE8000FB7E8C /* StatisticsPresenter */,
				B307CE8E2714E56C00FB7E8C /* Localizable.strings */,
				B328323726D93F23007CAD2A /* LaunchScreen.storyboard */,
				B3186B6C270B63A6000B4AE8 /* ProgressWheel.swift */,
				B3C0598A2847AB6400227A90 /* Onboardings.strings */,
			);
			path = View;
			sourceTree = "<group>";
		};
		B328327726DF90B9007CAD2A /* Controller */ = {
			isa = PBXGroup;
			children = (
				B3E7475527199E99006C92C5 /* SettingsPresenter */,
				B32F880D2718BC01004D0960 /* AccountPresenter */,
				B32F88042718AF8E004D0960 /* AchivementTransactionPresenter */,
				B393D83727161A6500232482 /* TransactionTemplatesPresenter */,
				B393D82C2715B69700232482 /* StatisticsPresenter */,
			);
			path = Controller;
			sourceTree = "<group>";
		};
		B32F88042718AF8E004D0960 /* AchivementTransactionPresenter */ = {
			isa = PBXGroup;
			children = (
				B328327226DC2D02007CAD2A /* AchievementTransactionFormController.swift */,
				B349499426E1670F00829A5F /* TransactionDetailViewController.swift */,
			);
			path = AchivementTransactionPresenter;
			sourceTree = "<group>";
		};
		B32F880C2718B9F0004D0960 /* AccountPresenter */ = {
			isa = PBXGroup;
			children = (
				B328323226D93F22007CAD2A /* AccountPresenterStoryboard.storyboard */,
			);
			path = AccountPresenter;
			sourceTree = "<group>";
		};
		B32F880D2718BC01004D0960 /* AccountPresenter */ = {
			isa = PBXGroup;
			children = (
				B328325C26D94909007CAD2A /* DashboardController.swift */,
				B349499226E1483E00829A5F /* HistoryTableViewController.swift */,
			);
			path = AccountPresenter;
			sourceTree = "<group>";
		};
		B361477D272187A900941051 /* Presenter */ = {
			isa = PBXGroup;
			children = (
				B361477E272187B200941051 /* SettingsPresenter */,
			);
			path = Presenter;
			sourceTree = "<group>";
		};
		B361477E272187B200941051 /* SettingsPresenter */ = {
			isa = PBXGroup;
			children = (
				B361477B2721852E00941051 /* BackupRestoreTest.swift */,
			);
			path = SettingsPresenter;
			sourceTree = "<group>";
		};
		B381160126E10A200090029D /* HistoricalTransaction */ = {
			isa = PBXGroup;
			children = (
				B381160326E10B130090029D /* HistoricalTransaction+CoreDataClass.swift */,
				B381160226E10B130090029D /* HistoricalTransaction+CoreDataProperties.swift */,
			);
			path = HistoricalTransaction;
			sourceTree = "<group>";
		};
		B382BCCC27282719005872BE /* Helper */ = {
			isa = PBXGroup;
			children = (
				B382BCCD27282739005872BE /* NumberHelper.swift */,
				B384E15C276F4C3700C0B007 /* DateHelper.swift */,
			);
			path = Helper;
			sourceTree = "<group>";
		};
		B382BCCF272827F8005872BE /* Helper */ = {
			isa = PBXGroup;
			children = (
				B382BCD027282814005872BE /* NumberHelperTest.swift */,
				B384E15E276F4CCD00C0B007 /* DayHelperTest.swift */,
			);
			path = Helper;
			sourceTree = "<group>";
		};
		B38AB01227A2B4D2005893DE /* Commons */ = {
			isa = PBXGroup;
			children = (
				B38AB01327A2B4E6005893DE /* SpinnerViewController.swift */,
				B3A6FB4C2829551800213FA6 /* TextOverlayViewController.swift */,
			);
			path = Commons;
			sourceTree = "<group>";
		};
		B3939ABB2704796A005D243B /* AchievementTransaction */ = {
			isa = PBXGroup;
			children = (
				B3939ABC2704797C005D243B /* AchievementTransactionTest.swift */,
			);
			path = AchievementTransaction;
			sourceTree = "<group>";
		};
		B3939ABE270481E8005D243B /* HistoricalTransaction */ = {
			isa = PBXGroup;
			children = (
				B3939ABF270481FC005D243B /* HistoricalTransactionTest.swift */,
				B3B6D74627C2E5C7007DE0E8 /* HistoricalTransactionSerializationTest.swift */,
			);
			path = HistoricalTransaction;
			sourceTree = "<group>";
		};
		B393D82C2715B69700232482 /* StatisticsPresenter */ = {
			isa = PBXGroup;
			children = (
				B382BCCA2728004E005872BE /* StatisticsTableViewController.swift */,
			);
			path = StatisticsPresenter;
			sourceTree = "<group>";
		};
		B393D8342715D26F00232482 /* TransactionTemplatesPresenter */ = {
			isa = PBXGroup;
			children = (
				B393D83A2718A9E500232482 /* TransactionTemplatesPresenterStoryboard.storyboard */,
			);
			path = TransactionTemplatesPresenter;
			sourceTree = "<group>";
		};
		B393D83727161A6500232482 /* TransactionTemplatesPresenter */ = {
			isa = PBXGroup;
			children = (
				B349499626E3D31100829A5F /* TransactionTemplatesListViewController.swift */,
				B349499826E3DB6E00829A5F /* TransactionTemplateFormController.swift */,
			);
			path = TransactionTemplatesPresenter;
			sourceTree = "<group>";
		};
		B393D83F2718AD3C00232482 /* AchievementTransactionsPresenter */ = {
			isa = PBXGroup;
			children = (
				B32F88072718B6D2004D0960 /* AchievementTransactionsPresenterStoryboard.storyboard */,
			);
			path = AchievementTransactionsPresenter;
			sourceTree = "<group>";
		};
		B3C5C4AC26E3E1A200A52CBC /* TransactionTemplate */ = {
			isa = PBXGroup;
			children = (
				B3C5C4AD26E3E20800A52CBC /* TransactionTemplate+CoreDataClass.swift */,
				B3C5C4AE26E3E20800A52CBC /* TransactionTemplate+CoreDataProperties.swift */,
			);
			path = TransactionTemplate;
			sourceTree = "<group>";
		};
		B3E7475527199E99006C92C5 /* SettingsPresenter */ = {
			isa = PBXGroup;
			children = (
				B3E7475D2719D21B006C92C5 /* BackupAndRestoreViewController.swift */,
				B3E7475927199F54006C92C5 /* SettingsListTableViewController.swift */,
			);
			path = SettingsPresenter;
			sourceTree = "<group>";
		};
		B3E7475627199EAD006C92C5 /* SettingsPresenter */ = {
			isa = PBXGroup;
			children = (
				B361478327219E9500941051 /* SettingsPresenterStoryboard.storyboard */,
			);
			path = SettingsPresenter;
			sourceTree = "<group>";
		};
		B3FB47FA26FB3D0900494C4F /* Model */ = {
			isa = PBXGroup;
			children = (
				B3939ABE270481E8005D243B /* HistoricalTransaction */,
				B3939ABB2704796A005D243B /* AchievementTransaction */,
				B3FB47FB26FB3D1500494C4F /* TransactionTemplate */,
				B3FB47FF26FB471200494C4F /* AchievementsDataModelTest.swift */,
			);
			path = Model;
			sourceTree = "<group>";
		};
		B3FB47FB26FB3D1500494C4F /* TransactionTemplate */ = {
			isa = PBXGroup;
			children = (
				B3FB47FC26FB3D3700494C4F /* IncomeTemplateTest.swift */,
				B307CE7C271075C200FB7E8C /* TransactionTemplateTest.swift */,
				B307CE802713886200FB7E8C /* ExpenseTemplateTest.swift */,
			);
			path = TransactionTemplate;
			sourceTree = "<group>";
		};
		E04F7E163FA5D1D646D68CC9 /* Frameworks */ = {
			isa = PBXGroup;
			children = (
				B91FC670CCE80E443AB4694D /* Pods_achievements.framework */,
				C1A735B418EFC8B305903A53 /* Pods_achievements_achievementsUITests.framework */,
				C896202FB7D32745338C8FF5 /* Pods_achievementsTests.framework */,
			);
			name = Frameworks;
			sourceTree = "<group>";
		};
/* End PBXGroup section */

/* Begin PBXNativeTarget section */
		B328322826D93F22007CAD2A /* achievements */ = {
			isa = PBXNativeTarget;
			buildConfigurationList = B328325326D93F23007CAD2A /* Build configuration list for PBXNativeTarget "achievements" */;
			buildPhases = (
				19BCB0EEE47263C108360A99 /* [CP] Check Pods Manifest.lock */,
				B328322526D93F22007CAD2A /* Sources */,
				B328322626D93F22007CAD2A /* Frameworks */,
				B328322726D93F22007CAD2A /* Resources */,
				0F1A4D6900A6EC6CD14A658C /* [CP] Embed Pods Frameworks */,
				B30B86A327297C950075C392 /* Automatically Increment Build Number */,
			);
			buildRules = (
			);
			dependencies = (
			);
			name = achievements;
			productName = achievements;
			productReference = B328322926D93F22007CAD2A /* achievements.app */;
			productType = "com.apple.product-type.application";
		};
		B328323E26D93F23007CAD2A /* achievementsTests */ = {
			isa = PBXNativeTarget;
			buildConfigurationList = B328325626D93F23007CAD2A /* Build configuration list for PBXNativeTarget "achievementsTests" */;
			buildPhases = (
				124E5E6C79EA9C103C27DB1F /* [CP] Check Pods Manifest.lock */,
				B328323B26D93F23007CAD2A /* Sources */,
				B328323C26D93F23007CAD2A /* Frameworks */,
				B328323D26D93F23007CAD2A /* Resources */,
			);
			buildRules = (
			);
			dependencies = (
				B328324126D93F23007CAD2A /* PBXTargetDependency */,
			);
			name = achievementsTests;
			productName = achievementsTests;
			productReference = B328323F26D93F23007CAD2A /* achievementsTests.xctest */;
			productType = "com.apple.product-type.bundle.unit-test";
		};
		B328324926D93F23007CAD2A /* achievementsUITests */ = {
			isa = PBXNativeTarget;
			buildConfigurationList = B328325926D93F23007CAD2A /* Build configuration list for PBXNativeTarget "achievementsUITests" */;
			buildPhases = (
				39B92542D3D2619505BFA76E /* [CP] Check Pods Manifest.lock */,
				B328324626D93F23007CAD2A /* Sources */,
				B328324726D93F23007CAD2A /* Frameworks */,
				B328324826D93F23007CAD2A /* Resources */,
				BE3587A268CB7B0244DEE222 /* [CP] Embed Pods Frameworks */,
			);
			buildRules = (
			);
			dependencies = (
				B328324C26D93F23007CAD2A /* PBXTargetDependency */,
			);
			name = achievementsUITests;
			productName = achievementsUITests;
			productReference = B328324A26D93F23007CAD2A /* achievementsUITests.xctest */;
			productType = "com.apple.product-type.bundle.ui-testing";
		};
/* End PBXNativeTarget section */

/* Begin PBXProject section */
		B328322126D93F22007CAD2A /* Project object */ = {
			isa = PBXProject;
			attributes = {
				LastSwiftUpdateCheck = 1250;
				LastUpgradeCheck = 1250;
				TargetAttributes = {
					B328322826D93F22007CAD2A = {
						CreatedOnToolsVersion = 12.5.1;
					};
					B328323E26D93F23007CAD2A = {
						CreatedOnToolsVersion = 12.5.1;
						TestTargetID = B328322826D93F22007CAD2A;
					};
					B328324926D93F23007CAD2A = {
						CreatedOnToolsVersion = 12.5.1;
						LastSwiftMigration = 1300;
						TestTargetID = B328322826D93F22007CAD2A;
					};
				};
			};
			buildConfigurationList = B328322426D93F22007CAD2A /* Build configuration list for PBXProject "achievements" */;
			compatibilityVersion = "Xcode 9.3";
			developmentRegion = en;
			hasScannedForEncodings = 0;
			knownRegions = (
				en,
				Base,
				de,
			);
			mainGroup = B328322026D93F22007CAD2A;
			productRefGroup = B328322A26D93F22007CAD2A /* Products */;
			projectDirPath = "";
			projectRoot = "";
			targets = (
				B328322826D93F22007CAD2A /* achievements */,
				B328323E26D93F23007CAD2A /* achievementsTests */,
				B328324926D93F23007CAD2A /* achievementsUITests */,
			);
		};
/* End PBXProject section */

/* Begin PBXResourcesBuildPhase section */
		B328322726D93F22007CAD2A /* Resources */ = {
			isa = PBXResourcesBuildPhase;
			buildActionMask = 2147483647;
			files = (
				B32F88052718B6D2004D0960 /* AchievementTransactionsPresenterStoryboard.storyboard in Resources */,
				B328323926D93F23007CAD2A /* LaunchScreen.storyboard in Resources */,
				B30CA4A62721D3120032E646 /* achievements-logo.png in Resources */,
				B3C059882847AB6400227A90 /* Onboardings.strings in Resources */,
				B307CE902714E56C00FB7E8C /* Localizable.strings in Resources */,
				B328323626D93F23007CAD2A /* Assets.xcassets in Resources */,
				B393D82D2715C15900232482 /* StatisticsPresenterStoryboard.storyboard in Resources */,
				B328323426D93F22007CAD2A /* AccountPresenterStoryboard.storyboard in Resources */,
				B393D8382718A9E500232482 /* TransactionTemplatesPresenterStoryboard.storyboard in Resources */,
				B361478127219E9500941051 /* SettingsPresenterStoryboard.storyboard in Resources */,
			);
			runOnlyForDeploymentPostprocessing = 0;
		};
		B328323D26D93F23007CAD2A /* Resources */ = {
			isa = PBXResourcesBuildPhase;
			buildActionMask = 2147483647;
			files = (
			);
			runOnlyForDeploymentPostprocessing = 0;
		};
		B328324826D93F23007CAD2A /* Resources */ = {
			isa = PBXResourcesBuildPhase;
			buildActionMask = 2147483647;
			files = (
			);
			runOnlyForDeploymentPostprocessing = 0;
		};
/* End PBXResourcesBuildPhase section */

/* Begin PBXShellScriptBuildPhase section */
		0F1A4D6900A6EC6CD14A658C /* [CP] Embed Pods Frameworks */ = {
			isa = PBXShellScriptBuildPhase;
			buildActionMask = 2147483647;
			files = (
			);
			inputFileListPaths = (
				"${PODS_ROOT}/Target Support Files/Pods-achievements/Pods-achievements-frameworks-${CONFIGURATION}-input-files.xcfilelist",
			);
			name = "[CP] Embed Pods Frameworks";
			outputFileListPaths = (
				"${PODS_ROOT}/Target Support Files/Pods-achievements/Pods-achievements-frameworks-${CONFIGURATION}-output-files.xcfilelist",
			);
			runOnlyForDeploymentPostprocessing = 0;
			shellPath = /bin/sh;
			shellScript = "\"${PODS_ROOT}/Target Support Files/Pods-achievements/Pods-achievements-frameworks.sh\"\n";
			showEnvVarsInLog = 0;
		};
		124E5E6C79EA9C103C27DB1F /* [CP] Check Pods Manifest.lock */ = {
			isa = PBXShellScriptBuildPhase;
			buildActionMask = 2147483647;
			files = (
			);
			inputFileListPaths = (
			);
			inputPaths = (
				"${PODS_PODFILE_DIR_PATH}/Podfile.lock",
				"${PODS_ROOT}/Manifest.lock",
			);
			name = "[CP] Check Pods Manifest.lock";
			outputFileListPaths = (
			);
			outputPaths = (
				"$(DERIVED_FILE_DIR)/Pods-achievementsTests-checkManifestLockResult.txt",
			);
			runOnlyForDeploymentPostprocessing = 0;
			shellPath = /bin/sh;
			shellScript = "diff \"${PODS_PODFILE_DIR_PATH}/Podfile.lock\" \"${PODS_ROOT}/Manifest.lock\" > /dev/null\nif [ $? != 0 ] ; then\n    # print error to STDERR\n    echo \"error: The sandbox is not in sync with the Podfile.lock. Run 'pod install' or update your CocoaPods installation.\" >&2\n    exit 1\nfi\n# This output is used by Xcode 'outputs' to avoid re-running this script phase.\necho \"SUCCESS\" > \"${SCRIPT_OUTPUT_FILE_0}\"\n";
			showEnvVarsInLog = 0;
		};
		19BCB0EEE47263C108360A99 /* [CP] Check Pods Manifest.lock */ = {
			isa = PBXShellScriptBuildPhase;
			buildActionMask = 2147483647;
			files = (
			);
			inputFileListPaths = (
			);
			inputPaths = (
				"${PODS_PODFILE_DIR_PATH}/Podfile.lock",
				"${PODS_ROOT}/Manifest.lock",
			);
			name = "[CP] Check Pods Manifest.lock";
			outputFileListPaths = (
			);
			outputPaths = (
				"$(DERIVED_FILE_DIR)/Pods-achievements-checkManifestLockResult.txt",
			);
			runOnlyForDeploymentPostprocessing = 0;
			shellPath = /bin/sh;
			shellScript = "diff \"${PODS_PODFILE_DIR_PATH}/Podfile.lock\" \"${PODS_ROOT}/Manifest.lock\" > /dev/null\nif [ $? != 0 ] ; then\n    # print error to STDERR\n    echo \"error: The sandbox is not in sync with the Podfile.lock. Run 'pod install' or update your CocoaPods installation.\" >&2\n    exit 1\nfi\n# This output is used by Xcode 'outputs' to avoid re-running this script phase.\necho \"SUCCESS\" > \"${SCRIPT_OUTPUT_FILE_0}\"\n";
			showEnvVarsInLog = 0;
		};
		39B92542D3D2619505BFA76E /* [CP] Check Pods Manifest.lock */ = {
			isa = PBXShellScriptBuildPhase;
			buildActionMask = 2147483647;
			files = (
			);
			inputFileListPaths = (
			);
			inputPaths = (
				"${PODS_PODFILE_DIR_PATH}/Podfile.lock",
				"${PODS_ROOT}/Manifest.lock",
			);
			name = "[CP] Check Pods Manifest.lock";
			outputFileListPaths = (
			);
			outputPaths = (
				"$(DERIVED_FILE_DIR)/Pods-achievements-achievementsUITests-checkManifestLockResult.txt",
			);
			runOnlyForDeploymentPostprocessing = 0;
			shellPath = /bin/sh;
			shellScript = "diff \"${PODS_PODFILE_DIR_PATH}/Podfile.lock\" \"${PODS_ROOT}/Manifest.lock\" > /dev/null\nif [ $? != 0 ] ; then\n    # print error to STDERR\n    echo \"error: The sandbox is not in sync with the Podfile.lock. Run 'pod install' or update your CocoaPods installation.\" >&2\n    exit 1\nfi\n# This output is used by Xcode 'outputs' to avoid re-running this script phase.\necho \"SUCCESS\" > \"${SCRIPT_OUTPUT_FILE_0}\"\n";
			showEnvVarsInLog = 0;
		};
		B30B86A327297C950075C392 /* Automatically Increment Build Number */ = {
			isa = PBXShellScriptBuildPhase;
			buildActionMask = 12;
			files = (
			);
			inputFileListPaths = (
			);
			inputPaths = (
			);
			name = "Automatically Increment Build Number";
			outputFileListPaths = (
			);
			outputPaths = (
			);
			runOnlyForDeploymentPostprocessing = 0;
			shellPath = /bin/zsh;
			shellScript = "buildNumber=$(/usr/libexec/PlistBuddy -c \"Print CFBundleVersion\" \"${PROJECT_DIR}/${INFOPLIST_FILE}\")\nbuildNumber=$(($buildNumber + 1))\n/usr/libexec/PlistBuddy -c \"Set :CFBundleVersion $buildNumber\" \"${PROJECT_DIR}/${INFOPLIST_FILE}\"\n";
		};
		BE3587A268CB7B0244DEE222 /* [CP] Embed Pods Frameworks */ = {
			isa = PBXShellScriptBuildPhase;
			buildActionMask = 2147483647;
			files = (
			);
			inputFileListPaths = (
				"${PODS_ROOT}/Target Support Files/Pods-achievements-achievementsUITests/Pods-achievements-achievementsUITests-frameworks-${CONFIGURATION}-input-files.xcfilelist",
			);
			name = "[CP] Embed Pods Frameworks";
			outputFileListPaths = (
				"${PODS_ROOT}/Target Support Files/Pods-achievements-achievementsUITests/Pods-achievements-achievementsUITests-frameworks-${CONFIGURATION}-output-files.xcfilelist",
			);
			runOnlyForDeploymentPostprocessing = 0;
			shellPath = /bin/sh;
			shellScript = "\"${PODS_ROOT}/Target Support Files/Pods-achievements-achievementsUITests/Pods-achievements-achievementsUITests-frameworks.sh\"\n";
			showEnvVarsInLog = 0;
		};
/* End PBXShellScriptBuildPhase section */

/* Begin PBXSourcesBuildPhase section */
		B328322526D93F22007CAD2A /* Sources */ = {
			isa = PBXSourcesBuildPhase;
			buildActionMask = 2147483647;
			files = (
				B3E7475E2719D21B006C92C5 /* BackupAndRestoreViewController.swift in Sources */,
				B381160526E10B130090029D /* HistoricalTransaction+CoreDataClass.swift in Sources */,
				B307CE83271456EB00FB7E8C /* Settings.swift in Sources */,
				B3C5C4AF26E3E20800A52CBC /* TransactionTemplate+CoreDataClass.swift in Sources */,
				B3A6FB4D2829551800213FA6 /* TextOverlayViewController.swift in Sources */,
				B349499326E1483E00829A5F /* HistoryTableViewController.swift in Sources */,
				B384E15D276F4C3700C0B007 /* DateHelper.swift in Sources */,
				B382BCCB2728004E005872BE /* StatisticsTableViewController.swift in Sources */,
				B3E7475427199E8F006C92C5 /* SettingsPresenter.swift in Sources */,
				B349499926E3DB6E00829A5F /* TransactionTemplateFormController.swift in Sources */,
				B3186B6D270B63A6000B4AE8 /* ProgressWheel.swift in Sources */,
				B3C5C4B026E3E20800A52CBC /* TransactionTemplate+CoreDataProperties.swift in Sources */,
				B328327326DC2D02007CAD2A /* AchievementTransactionFormController.swift in Sources */,
				B328326C26DBD253007CAD2A /* AchievementTransaction+CoreDataClass.swift in Sources */,
				B349499726E3D31100829A5F /* TransactionTemplatesListViewController.swift in Sources */,
				B396BAA327CBC46800FD78AC /* Account.swift in Sources */,
				B38AB01427A2B4E6005893DE /* SpinnerViewController.swift in Sources */,
				B382BCCE27282739005872BE /* NumberHelper.swift in Sources */,
				B393D83E2718AC1300232482 /* AchievementTransactionsPresenter.swift in Sources */,
				B307CE942715AD3500FB7E8C /* StatisticsPresenter.swift in Sources */,
				B349499526E1670F00829A5F /* TransactionDetailViewController.swift in Sources */,
				B328322D26D93F22007CAD2A /* AppDelegate.swift in Sources */,
				B328326D26DBD253007CAD2A /* AchievementTransaction+CoreDataProperties.swift in Sources */,
				B381160426E10B130090029D /* HistoricalTransaction+CoreDataProperties.swift in Sources */,
				B393D8332715D17600232482 /* TransactionTemplatesPresenter.swift in Sources */,
				B3E7475A27199F54006C92C5 /* SettingsListTableViewController.swift in Sources */,
				B328325D26D94909007CAD2A /* DashboardController.swift in Sources */,
				B328322F26D93F22007CAD2A /* SceneDelegate.swift in Sources */,
				B328326F26DBD379007CAD2A /* AchievementsDataModel.swift in Sources */,
				B32F880B2718B98B004D0960 /* AccountPresenter.swift in Sources */,
				B396BAA127CBC35500FD78AC /* AchievementsDatabaseBackup.swift in Sources */,
				B328326926DBD1A0007CAD2A /* AchievementsDataModel.xcdatamodeld in Sources */,
			);
			runOnlyForDeploymentPostprocessing = 0;
		};
		B328323B26D93F23007CAD2A /* Sources */ = {
			isa = PBXSourcesBuildPhase;
			buildActionMask = 2147483647;
			files = (
				B3B6D74727C2E5C7007DE0E8 /* HistoricalTransactionSerializationTest.swift in Sources */,
				B3939ABD2704797C005D243B /* AchievementTransactionTest.swift in Sources */,
				B307CE8527147DCE00FB7E8C /* SettingsTest.swift in Sources */,
				B384E15F276F4CCD00C0B007 /* DayHelperTest.swift in Sources */,
				B307CE7D271075C200FB7E8C /* TransactionTemplateTest.swift in Sources */,
				B307CE812713886200FB7E8C /* ExpenseTemplateTest.swift in Sources */,
				B361477C2721852E00941051 /* BackupRestoreTest.swift in Sources */,
				B3FB47FD26FB3D3700494C4F /* IncomeTemplateTest.swift in Sources */,
				B3939AC0270481FC005D243B /* HistoricalTransactionTest.swift in Sources */,
				B382BCD127282814005872BE /* NumberHelperTest.swift in Sources */,
				B3FB480026FB471200494C4F /* AchievementsDataModelTest.swift in Sources */,
			);
			runOnlyForDeploymentPostprocessing = 0;
		};
		B328324626D93F23007CAD2A /* Sources */ = {
			isa = PBXSourcesBuildPhase;
			buildActionMask = 2147483647;
			files = (
				B30CA4AC27271BE30032E646 /* IncomeConvenienceMenuTest.swift in Sources */,
				B307CE7F271083A600FB7E8C /* ExpenseTemplateTest.swift in Sources */,
				B3939ACD2705FE44005D243B /* MultiplteTransactionsAndPurgeTest.swift in Sources */,
				B3939ACB2705F627005D243B /* IncomeTemplateTest.swift in Sources */,
				B3939ACF2706048D005D243B /* HistoricalTransactionTest.swift in Sources */,
				B3939AC927049F51005D243B /* AchievementTransactionTest.swift in Sources */,
				B30CA4A82725DF2F0032E646 /* TransactionTemplatesDragNDropTest.swift in Sources */,
				B307CE892714A31100FB7E8C /* ProgressWheelTest.swift in Sources */,
				B30CA4AA2725DFCA0032E646 /* TransactionTemplatesSortingTest.swift in Sources */,
				B30B86A5272ADB470075C392 /* EmptyScreenTest.swift in Sources */,
				B361478027218C7400941051 /* SettingsTest.swift in Sources */,
				B30CA4AE27272DE80032E646 /* ExpenseConvenienceMenuTest.swift in Sources */,
				B307CE8727147EEE00FB7E8C /* AutomaticPurgeTest.swift in Sources */,
			);
			runOnlyForDeploymentPostprocessing = 0;
		};
/* End PBXSourcesBuildPhase section */

/* Begin PBXTargetDependency section */
		B328324126D93F23007CAD2A /* PBXTargetDependency */ = {
			isa = PBXTargetDependency;
			target = B328322826D93F22007CAD2A /* achievements */;
			targetProxy = B328324026D93F23007CAD2A /* PBXContainerItemProxy */;
		};
		B328324C26D93F23007CAD2A /* PBXTargetDependency */ = {
			isa = PBXTargetDependency;
			target = B328322826D93F22007CAD2A /* achievements */;
			targetProxy = B328324B26D93F23007CAD2A /* PBXContainerItemProxy */;
		};
/* End PBXTargetDependency section */

/* Begin PBXVariantGroup section */
		B307CE8E2714E56C00FB7E8C /* Localizable.strings */ = {
			isa = PBXVariantGroup;
			children = (
				B307CE8F2714E56C00FB7E8C /* de */,
			);
			name = Localizable.strings;
			sourceTree = "<group>";
		};
		B328323226D93F22007CAD2A /* AccountPresenterStoryboard.storyboard */ = {
			isa = PBXVariantGroup;
			children = (
				B328323326D93F22007CAD2A /* Base */,
				B307CE8C2714DC3500FB7E8C /* de */,
			);
			name = AccountPresenterStoryboard.storyboard;
			sourceTree = "<group>";
		};
		B328323726D93F23007CAD2A /* LaunchScreen.storyboard */ = {
			isa = PBXVariantGroup;
			children = (
				B328323826D93F23007CAD2A /* Base */,
				B307CE8D2714DC3500FB7E8C /* de */,
			);
			name = LaunchScreen.storyboard;
			sourceTree = "<group>";
		};
		B32F88072718B6D2004D0960 /* AchievementTransactionsPresenterStoryboard.storyboard */ = {
			isa = PBXVariantGroup;
			children = (
				B32F88062718B6D2004D0960 /* Base */,
				B32F88092718B6D3004D0960 /* de */,
			);
			name = AchievementTransactionsPresenterStoryboard.storyboard;
			sourceTree = "<group>";
		};
		B361478327219E9500941051 /* SettingsPresenterStoryboard.storyboard */ = {
			isa = PBXVariantGroup;
			children = (
				B361478227219E9500941051 /* Base */,
				B361478527219E9800941051 /* de */,
			);
			name = SettingsPresenterStoryboard.storyboard;
			sourceTree = "<group>";
		};
		B393D82F2715C15900232482 /* StatisticsPresenterStoryboard.storyboard */ = {
			isa = PBXVariantGroup;
			children = (
				B393D82E2715C15900232482 /* Base */,
				B393D8312715C15F00232482 /* de */,
			);
			name = StatisticsPresenterStoryboard.storyboard;
			sourceTree = "<group>";
		};
		B393D83A2718A9E500232482 /* TransactionTemplatesPresenterStoryboard.storyboard */ = {
			isa = PBXVariantGroup;
			children = (
				B393D8392718A9E500232482 /* Base */,
				B393D83C2718A9E700232482 /* de */,
			);
			name = TransactionTemplatesPresenterStoryboard.storyboard;
			sourceTree = "<group>";
		};
		B3C0598A2847AB6400227A90 /* Onboardings.strings */ = {
			isa = PBXVariantGroup;
			children = (
				B3C059892847AB6400227A90 /* de */,
			);
			name = Onboardings.strings;
			sourceTree = "<group>";
		};
/* End PBXVariantGroup section */

/* Begin XCBuildConfiguration section */
		B328325126D93F23007CAD2A /* Debug */ = {
			isa = XCBuildConfiguration;
			buildSettings = {
				ALWAYS_SEARCH_USER_PATHS = NO;
				CLANG_ANALYZER_LOCALIZABILITY_NONLOCALIZED = YES;
				CLANG_ANALYZER_NONNULL = YES;
				CLANG_ANALYZER_NUMBER_OBJECT_CONVERSION = YES_AGGRESSIVE;
				CLANG_CXX_LANGUAGE_STANDARD = "gnu++14";
				CLANG_CXX_LIBRARY = "libc++";
				CLANG_ENABLE_MODULES = YES;
				CLANG_ENABLE_OBJC_ARC = YES;
				CLANG_ENABLE_OBJC_WEAK = YES;
				CLANG_WARN_BLOCK_CAPTURE_AUTORELEASING = YES;
				CLANG_WARN_BOOL_CONVERSION = YES;
				CLANG_WARN_COMMA = YES;
				CLANG_WARN_CONSTANT_CONVERSION = YES;
				CLANG_WARN_DEPRECATED_OBJC_IMPLEMENTATIONS = YES;
				CLANG_WARN_DIRECT_OBJC_ISA_USAGE = YES_ERROR;
				CLANG_WARN_DOCUMENTATION_COMMENTS = YES;
				CLANG_WARN_EMPTY_BODY = YES;
				CLANG_WARN_ENUM_CONVERSION = YES;
				CLANG_WARN_INFINITE_RECURSION = YES;
				CLANG_WARN_INT_CONVERSION = YES;
				CLANG_WARN_NON_LITERAL_NULL_CONVERSION = YES;
				CLANG_WARN_OBJC_IMPLICIT_RETAIN_SELF = YES;
				CLANG_WARN_OBJC_LITERAL_CONVERSION = YES;
				CLANG_WARN_OBJC_ROOT_CLASS = YES_ERROR;
				CLANG_WARN_QUOTED_INCLUDE_IN_FRAMEWORK_HEADER = YES;
				CLANG_WARN_RANGE_LOOP_ANALYSIS = YES;
				CLANG_WARN_STRICT_PROTOTYPES = YES;
				CLANG_WARN_SUSPICIOUS_MOVE = YES;
				CLANG_WARN_UNGUARDED_AVAILABILITY = YES_AGGRESSIVE;
				CLANG_WARN_UNREACHABLE_CODE = YES;
				CLANG_WARN__DUPLICATE_METHOD_MATCH = YES;
				COPY_PHASE_STRIP = NO;
				DEBUG_INFORMATION_FORMAT = dwarf;
				ENABLE_STRICT_OBJC_MSGSEND = YES;
				ENABLE_TESTABILITY = YES;
				GCC_C_LANGUAGE_STANDARD = gnu11;
				GCC_DYNAMIC_NO_PIC = NO;
				GCC_NO_COMMON_BLOCKS = YES;
				GCC_OPTIMIZATION_LEVEL = 0;
				GCC_PREPROCESSOR_DEFINITIONS = (
					"DEBUG=1",
					"$(inherited)",
				);
				GCC_WARN_64_TO_32_BIT_CONVERSION = YES;
				GCC_WARN_ABOUT_RETURN_TYPE = YES_ERROR;
				GCC_WARN_UNDECLARED_SELECTOR = YES;
				GCC_WARN_UNINITIALIZED_AUTOS = YES_AGGRESSIVE;
				GCC_WARN_UNUSED_FUNCTION = YES;
				GCC_WARN_UNUSED_VARIABLE = YES;
				IPHONEOS_DEPLOYMENT_TARGET = 15.0;
				MTL_ENABLE_DEBUG_INFO = INCLUDE_SOURCE;
				MTL_FAST_MATH = YES;
				ONLY_ACTIVE_ARCH = YES;
				SDKROOT = iphoneos;
				SWIFT_ACTIVE_COMPILATION_CONDITIONS = DEBUG;
				SWIFT_OPTIMIZATION_LEVEL = "-Onone";
			};
			name = Debug;
		};
		B328325226D93F23007CAD2A /* Release */ = {
			isa = XCBuildConfiguration;
			buildSettings = {
				ALWAYS_SEARCH_USER_PATHS = NO;
				CLANG_ANALYZER_LOCALIZABILITY_NONLOCALIZED = YES;
				CLANG_ANALYZER_NONNULL = YES;
				CLANG_ANALYZER_NUMBER_OBJECT_CONVERSION = YES_AGGRESSIVE;
				CLANG_CXX_LANGUAGE_STANDARD = "gnu++14";
				CLANG_CXX_LIBRARY = "libc++";
				CLANG_ENABLE_MODULES = YES;
				CLANG_ENABLE_OBJC_ARC = YES;
				CLANG_ENABLE_OBJC_WEAK = YES;
				CLANG_WARN_BLOCK_CAPTURE_AUTORELEASING = YES;
				CLANG_WARN_BOOL_CONVERSION = YES;
				CLANG_WARN_COMMA = YES;
				CLANG_WARN_CONSTANT_CONVERSION = YES;
				CLANG_WARN_DEPRECATED_OBJC_IMPLEMENTATIONS = YES;
				CLANG_WARN_DIRECT_OBJC_ISA_USAGE = YES_ERROR;
				CLANG_WARN_DOCUMENTATION_COMMENTS = YES;
				CLANG_WARN_EMPTY_BODY = YES;
				CLANG_WARN_ENUM_CONVERSION = YES;
				CLANG_WARN_INFINITE_RECURSION = YES;
				CLANG_WARN_INT_CONVERSION = YES;
				CLANG_WARN_NON_LITERAL_NULL_CONVERSION = YES;
				CLANG_WARN_OBJC_IMPLICIT_RETAIN_SELF = YES;
				CLANG_WARN_OBJC_LITERAL_CONVERSION = YES;
				CLANG_WARN_OBJC_ROOT_CLASS = YES_ERROR;
				CLANG_WARN_QUOTED_INCLUDE_IN_FRAMEWORK_HEADER = YES;
				CLANG_WARN_RANGE_LOOP_ANALYSIS = YES;
				CLANG_WARN_STRICT_PROTOTYPES = YES;
				CLANG_WARN_SUSPICIOUS_MOVE = YES;
				CLANG_WARN_UNGUARDED_AVAILABILITY = YES_AGGRESSIVE;
				CLANG_WARN_UNREACHABLE_CODE = YES;
				CLANG_WARN__DUPLICATE_METHOD_MATCH = YES;
				COPY_PHASE_STRIP = NO;
				DEBUG_INFORMATION_FORMAT = "dwarf-with-dsym";
				ENABLE_NS_ASSERTIONS = NO;
				ENABLE_STRICT_OBJC_MSGSEND = YES;
				GCC_C_LANGUAGE_STANDARD = gnu11;
				GCC_NO_COMMON_BLOCKS = YES;
				GCC_WARN_64_TO_32_BIT_CONVERSION = YES;
				GCC_WARN_ABOUT_RETURN_TYPE = YES_ERROR;
				GCC_WARN_UNDECLARED_SELECTOR = YES;
				GCC_WARN_UNINITIALIZED_AUTOS = YES_AGGRESSIVE;
				GCC_WARN_UNUSED_FUNCTION = YES;
				GCC_WARN_UNUSED_VARIABLE = YES;
				IPHONEOS_DEPLOYMENT_TARGET = 15.0;
				MTL_ENABLE_DEBUG_INFO = NO;
				MTL_FAST_MATH = YES;
				SDKROOT = iphoneos;
				SWIFT_COMPILATION_MODE = wholemodule;
				SWIFT_OPTIMIZATION_LEVEL = "-O";
				VALIDATE_PRODUCT = YES;
			};
			name = Release;
		};
		B328325426D93F23007CAD2A /* Debug */ = {
			isa = XCBuildConfiguration;
			baseConfigurationReference = 7CFC9745E66B8E13D341C26D /* Pods-achievements.debug.xcconfig */;
			buildSettings = {
				ASSETCATALOG_COMPILER_APPICON_NAME = AppIcon;
				ASSETCATALOG_COMPILER_GLOBAL_ACCENT_COLOR_NAME = AccentColor;
				ASSETCATALOG_COMPILER_INCLUDE_ALL_APPICON_ASSETS = YES;
				CODE_SIGN_STYLE = Automatic;
				CURRENT_PROJECT_VERSION = 0;
				DEVELOPMENT_TEAM = Q73H52JFLZ;
				INFOPLIST_FILE = achievements/Info.plist;
				LD_RUNPATH_SEARCH_PATHS = (
					"$(inherited)",
					"@executable_path/Frameworks",
				);
				MARKETING_VERSION = 1.2;
				PRODUCT_BUNDLE_IDENTIFIER = de.max.schluer.achievements;
				PRODUCT_NAME = "$(TARGET_NAME)";
				SWIFT_VERSION = 5.0;
				TARGETED_DEVICE_FAMILY = 1;
			};
			name = Debug;
		};
		B328325526D93F23007CAD2A /* Release */ = {
			isa = XCBuildConfiguration;
			baseConfigurationReference = EE895DDBEC390C9EB3A0201C /* Pods-achievements.release.xcconfig */;
			buildSettings = {
				ASSETCATALOG_COMPILER_APPICON_NAME = AppIcon;
				ASSETCATALOG_COMPILER_GLOBAL_ACCENT_COLOR_NAME = AccentColor;
				ASSETCATALOG_COMPILER_INCLUDE_ALL_APPICON_ASSETS = YES;
				CODE_SIGN_STYLE = Automatic;
				CURRENT_PROJECT_VERSION = 0;
				DEVELOPMENT_TEAM = Q73H52JFLZ;
				INFOPLIST_FILE = achievements/Info.plist;
				LD_RUNPATH_SEARCH_PATHS = (
					"$(inherited)",
					"@executable_path/Frameworks",
				);
				MARKETING_VERSION = 1.2;
				PRODUCT_BUNDLE_IDENTIFIER = de.max.schluer.achievements;
				PRODUCT_NAME = "$(TARGET_NAME)";
				SWIFT_VERSION = 5.0;
				TARGETED_DEVICE_FAMILY = 1;
			};
			name = Release;
		};
		B328325726D93F23007CAD2A /* Debug */ = {
			isa = XCBuildConfiguration;
			baseConfigurationReference = 63547EF14F7522796196D941 /* Pods-achievementsTests.debug.xcconfig */;
			buildSettings = {
				ALWAYS_EMBED_SWIFT_STANDARD_LIBRARIES = YES;
				BUNDLE_LOADER = "$(TEST_HOST)";
				CODE_SIGN_STYLE = Automatic;
				DEVELOPMENT_TEAM = Q73H52JFLZ;
				INFOPLIST_FILE = achievementsTests/Info.plist;
				IPHONEOS_DEPLOYMENT_TARGET = 15.0;
				LD_RUNPATH_SEARCH_PATHS = (
					"$(inherited)",
					"@executable_path/Frameworks",
					"@loader_path/Frameworks",
				);
				PRODUCT_BUNDLE_IDENTIFIER = com.dakalabs.achievementsTests;
				PRODUCT_NAME = "$(TARGET_NAME)";
				SWIFT_VERSION = 5.0;
				TARGETED_DEVICE_FAMILY = "1,2";
				TEST_HOST = "$(BUILT_PRODUCTS_DIR)/achievements.app/achievements";
			};
			name = Debug;
		};
		B328325826D93F23007CAD2A /* Release */ = {
			isa = XCBuildConfiguration;
			baseConfigurationReference = 28B15C75CF263CDDFB9F367A /* Pods-achievementsTests.release.xcconfig */;
			buildSettings = {
				ALWAYS_EMBED_SWIFT_STANDARD_LIBRARIES = YES;
				BUNDLE_LOADER = "$(TEST_HOST)";
				CODE_SIGN_STYLE = Automatic;
				DEVELOPMENT_TEAM = Q73H52JFLZ;
				INFOPLIST_FILE = achievementsTests/Info.plist;
				IPHONEOS_DEPLOYMENT_TARGET = 15.0;
				LD_RUNPATH_SEARCH_PATHS = (
					"$(inherited)",
					"@executable_path/Frameworks",
					"@loader_path/Frameworks",
				);
				PRODUCT_BUNDLE_IDENTIFIER = com.dakalabs.achievementsTests;
				PRODUCT_NAME = "$(TARGET_NAME)";
				SWIFT_VERSION = 5.0;
				TARGETED_DEVICE_FAMILY = "1,2";
				TEST_HOST = "$(BUILT_PRODUCTS_DIR)/achievements.app/achievements";
			};
			name = Release;
		};
		B328325A26D93F23007CAD2A /* Debug */ = {
			isa = XCBuildConfiguration;
			baseConfigurationReference = DCF3F8DFA402F4542866A61B /* Pods-achievements-achievementsUITests.debug.xcconfig */;
			buildSettings = {
				ALWAYS_EMBED_SWIFT_STANDARD_LIBRARIES = YES;
				CLANG_ENABLE_MODULES = YES;
				CODE_SIGN_STYLE = Automatic;
				DEVELOPMENT_TEAM = Q73H52JFLZ;
				INFOPLIST_FILE = achievementsUITests/Info.plist;
				LD_RUNPATH_SEARCH_PATHS = (
					"$(inherited)",
					"@executable_path/Frameworks",
					"@loader_path/Frameworks",
				);
				PRODUCT_BUNDLE_IDENTIFIER = com.dakalabs.achievementsUITests;
				PRODUCT_NAME = "$(TARGET_NAME)";
				SWIFT_OPTIMIZATION_LEVEL = "-Onone";
				SWIFT_VERSION = 5.0;
				TARGETED_DEVICE_FAMILY = "1,2";
				TEST_TARGET_NAME = achievements;
			};
			name = Debug;
		};
		B328325B26D93F23007CAD2A /* Release */ = {
			isa = XCBuildConfiguration;
			baseConfigurationReference = DF6DDB2F2D1F2054E42E5B4E /* Pods-achievements-achievementsUITests.release.xcconfig */;
			buildSettings = {
				ALWAYS_EMBED_SWIFT_STANDARD_LIBRARIES = YES;
				CLANG_ENABLE_MODULES = YES;
				CODE_SIGN_STYLE = Automatic;
				DEVELOPMENT_TEAM = Q73H52JFLZ;
				INFOPLIST_FILE = achievementsUITests/Info.plist;
				LD_RUNPATH_SEARCH_PATHS = (
					"$(inherited)",
					"@executable_path/Frameworks",
					"@loader_path/Frameworks",
				);
				PRODUCT_BUNDLE_IDENTIFIER = com.dakalabs.achievementsUITests;
				PRODUCT_NAME = "$(TARGET_NAME)";
				SWIFT_VERSION = 5.0;
				TARGETED_DEVICE_FAMILY = "1,2";
				TEST_TARGET_NAME = achievements;
			};
			name = Release;
		};
/* End XCBuildConfiguration section */

/* Begin XCConfigurationList section */
		B328322426D93F22007CAD2A /* Build configuration list for PBXProject "achievements" */ = {
			isa = XCConfigurationList;
			buildConfigurations = (
				B328325126D93F23007CAD2A /* Debug */,
				B328325226D93F23007CAD2A /* Release */,
			);
			defaultConfigurationIsVisible = 0;
			defaultConfigurationName = Release;
		};
		B328325326D93F23007CAD2A /* Build configuration list for PBXNativeTarget "achievements" */ = {
			isa = XCConfigurationList;
			buildConfigurations = (
				B328325426D93F23007CAD2A /* Debug */,
				B328325526D93F23007CAD2A /* Release */,
			);
			defaultConfigurationIsVisible = 0;
			defaultConfigurationName = Release;
		};
		B328325626D93F23007CAD2A /* Build configuration list for PBXNativeTarget "achievementsTests" */ = {
			isa = XCConfigurationList;
			buildConfigurations = (
				B328325726D93F23007CAD2A /* Debug */,
				B328325826D93F23007CAD2A /* Release */,
			);
			defaultConfigurationIsVisible = 0;
			defaultConfigurationName = Release;
		};
		B328325926D93F23007CAD2A /* Build configuration list for PBXNativeTarget "achievementsUITests" */ = {
			isa = XCConfigurationList;
			buildConfigurations = (
				B328325A26D93F23007CAD2A /* Debug */,
				B328325B26D93F23007CAD2A /* Release */,
			);
			defaultConfigurationIsVisible = 0;
			defaultConfigurationName = Release;
		};
/* End XCConfigurationList section */

/* Begin XCVersionGroup section */
		B328326726DBD1A0007CAD2A /* AchievementsDataModel.xcdatamodeld */ = {
			isa = XCVersionGroup;
			children = (
				B328326826DBD1A0007CAD2A /* AchievementsDataModel.xcdatamodel */,
			);
			currentVersion = B328326826DBD1A0007CAD2A /* AchievementsDataModel.xcdatamodel */;
			path = AchievementsDataModel.xcdatamodeld;
			sourceTree = "<group>";
			versionGroupType = wrapper.xcdatamodel;
		};
/* End XCVersionGroup section */
	};
	rootObject = B328322126D93F22007CAD2A /* Project object */;
}
