// !$*UTF8*$!
{
	archiveVersion = 1;
	classes = {
	};
	objectVersion = 50;
	objects = {

/* Begin PBXBuildFile section */
		825E1D43BF3A8CD45660F60D /* Pods_achievementsTests.framework in Frameworks */ = {isa = PBXBuildFile; fileRef = C896202FB7D32745338C8FF5 /* Pods_achievementsTests.framework */; };
		9934B5CD83E2F83B4B865A9D /* Pods_achievements.framework in Frameworks */ = {isa = PBXBuildFile; fileRef = B91FC670CCE80E443AB4694D /* Pods_achievements.framework */; };
		B328322D26D93F22007CAD2A /* AppDelegate.swift in Sources */ = {isa = PBXBuildFile; fileRef = B328322C26D93F22007CAD2A /* AppDelegate.swift */; };
		B328322F26D93F22007CAD2A /* SceneDelegate.swift in Sources */ = {isa = PBXBuildFile; fileRef = B328322E26D93F22007CAD2A /* SceneDelegate.swift */; };
		B328323426D93F22007CAD2A /* Main.storyboard in Resources */ = {isa = PBXBuildFile; fileRef = B328323226D93F22007CAD2A /* Main.storyboard */; };
		B328323626D93F23007CAD2A /* Assets.xcassets in Resources */ = {isa = PBXBuildFile; fileRef = B328323526D93F23007CAD2A /* Assets.xcassets */; };
		B328323926D93F23007CAD2A /* LaunchScreen.storyboard in Resources */ = {isa = PBXBuildFile; fileRef = B328323726D93F23007CAD2A /* LaunchScreen.storyboard */; };
		B328324426D93F23007CAD2A /* achievementsTests.swift in Sources */ = {isa = PBXBuildFile; fileRef = B328324326D93F23007CAD2A /* achievementsTests.swift */; };
		B328324F26D93F23007CAD2A /* achievementsUITests.swift in Sources */ = {isa = PBXBuildFile; fileRef = B328324E26D93F23007CAD2A /* achievementsUITests.swift */; };
		B328325D26D94909007CAD2A /* DashboardController.swift in Sources */ = {isa = PBXBuildFile; fileRef = B328325C26D94909007CAD2A /* DashboardController.swift */; };
		B328326926DBD1A0007CAD2A /* AchievementsDataModel.xcdatamodeld in Sources */ = {isa = PBXBuildFile; fileRef = B328326726DBD1A0007CAD2A /* AchievementsDataModel.xcdatamodeld */; };
		B328326C26DBD253007CAD2A /* AchievementTransaction+CoreDataClass.swift in Sources */ = {isa = PBXBuildFile; fileRef = B328326A26DBD253007CAD2A /* AchievementTransaction+CoreDataClass.swift */; };
		B328326D26DBD253007CAD2A /* AchievementTransaction+CoreDataProperties.swift in Sources */ = {isa = PBXBuildFile; fileRef = B328326B26DBD253007CAD2A /* AchievementTransaction+CoreDataProperties.swift */; };
		B328326F26DBD379007CAD2A /* AchievementsDataModel.swift in Sources */ = {isa = PBXBuildFile; fileRef = B328326E26DBD379007CAD2A /* AchievementsDataModel.swift */; };
		B328327326DC2D02007CAD2A /* TransactionFormController.swift in Sources */ = {isa = PBXBuildFile; fileRef = B328327226DC2D02007CAD2A /* TransactionFormController.swift */; };
		B349499326E1483E00829A5F /* HistoryTableViewController.swift in Sources */ = {isa = PBXBuildFile; fileRef = B349499226E1483E00829A5F /* HistoryTableViewController.swift */; };
		B349499526E1670F00829A5F /* TransactionDetailViewController.swift in Sources */ = {isa = PBXBuildFile; fileRef = B349499426E1670F00829A5F /* TransactionDetailViewController.swift */; };
		B349499726E3D31100829A5F /* TransactionTemplatesViewController.swift in Sources */ = {isa = PBXBuildFile; fileRef = B349499626E3D31100829A5F /* TransactionTemplatesViewController.swift */; };
		B349499926E3DB6E00829A5F /* TransactionTemplateFormController.swift in Sources */ = {isa = PBXBuildFile; fileRef = B349499826E3DB6E00829A5F /* TransactionTemplateFormController.swift */; };
		B381160426E10B130090029D /* HistoricalTransaction+CoreDataProperties.swift in Sources */ = {isa = PBXBuildFile; fileRef = B381160226E10B130090029D /* HistoricalTransaction+CoreDataProperties.swift */; };
		B381160526E10B130090029D /* HistoricalTransaction+CoreDataClass.swift in Sources */ = {isa = PBXBuildFile; fileRef = B381160326E10B130090029D /* HistoricalTransaction+CoreDataClass.swift */; };
		B3C5C4AF26E3E20800A52CBC /* TransactionTemplate+CoreDataClass.swift in Sources */ = {isa = PBXBuildFile; fileRef = B3C5C4AD26E3E20800A52CBC /* TransactionTemplate+CoreDataClass.swift */; };
		B3C5C4B026E3E20800A52CBC /* TransactionTemplate+CoreDataProperties.swift in Sources */ = {isa = PBXBuildFile; fileRef = B3C5C4AE26E3E20800A52CBC /* TransactionTemplate+CoreDataProperties.swift */; };
		BFD6C785F97405A1226BF454 /* Pods_achievements_achievementsUITests.framework in Frameworks */ = {isa = PBXBuildFile; fileRef = C1A735B418EFC8B305903A53 /* Pods_achievements_achievementsUITests.framework */; };
/* End PBXBuildFile section */

/* Begin PBXContainerItemProxy section */
		B328324026D93F23007CAD2A /* PBXContainerItemProxy */ = {
			isa = PBXContainerItemProxy;
			containerPortal = B328322126D93F22007CAD2A /* Project object */;
			proxyType = 1;
			remoteGlobalIDString = B328322826D93F22007CAD2A;
			remoteInfo = achievements;
		};
		B328324B26D93F23007CAD2A /* PBXContainerItemProxy */ = {
			isa = PBXContainerItemProxy;
			containerPortal = B328322126D93F22007CAD2A /* Project object */;
			proxyType = 1;
			remoteGlobalIDString = B328322826D93F22007CAD2A;
			remoteInfo = achievements;
		};
/* End PBXContainerItemProxy section */

/* Begin PBXFileReference section */
		28B15C75CF263CDDFB9F367A /* Pods-achievementsTests.release.xcconfig */ = {isa = PBXFileReference; includeInIndex = 1; lastKnownFileType = text.xcconfig; name = "Pods-achievementsTests.release.xcconfig"; path = "Target Support Files/Pods-achievementsTests/Pods-achievementsTests.release.xcconfig"; sourceTree = "<group>"; };
		63547EF14F7522796196D941 /* Pods-achievementsTests.debug.xcconfig */ = {isa = PBXFileReference; includeInIndex = 1; lastKnownFileType = text.xcconfig; name = "Pods-achievementsTests.debug.xcconfig"; path = "Target Support Files/Pods-achievementsTests/Pods-achievementsTests.debug.xcconfig"; sourceTree = "<group>"; };
		7CFC9745E66B8E13D341C26D /* Pods-achievements.debug.xcconfig */ = {isa = PBXFileReference; includeInIndex = 1; lastKnownFileType = text.xcconfig; name = "Pods-achievements.debug.xcconfig"; path = "Target Support Files/Pods-achievements/Pods-achievements.debug.xcconfig"; sourceTree = "<group>"; };
		B328322926D93F22007CAD2A /* achievements.app */ = {isa = PBXFileReference; explicitFileType = wrapper.application; includeInIndex = 0; path = achievements.app; sourceTree = BUILT_PRODUCTS_DIR; };
		B328322C26D93F22007CAD2A /* AppDelegate.swift */ = {isa = PBXFileReference; lastKnownFileType = sourcecode.swift; path = AppDelegate.swift; sourceTree = "<group>"; };
		B328322E26D93F22007CAD2A /* SceneDelegate.swift */ = {isa = PBXFileReference; lastKnownFileType = sourcecode.swift; path = SceneDelegate.swift; sourceTree = "<group>"; };
		B328323326D93F22007CAD2A /* Base */ = {isa = PBXFileReference; lastKnownFileType = file.storyboard; name = Base; path = Base.lproj/Main.storyboard; sourceTree = "<group>"; };
		B328323526D93F23007CAD2A /* Assets.xcassets */ = {isa = PBXFileReference; lastKnownFileType = folder.assetcatalog; path = Assets.xcassets; sourceTree = "<group>"; };
		B328323826D93F23007CAD2A /* Base */ = {isa = PBXFileReference; lastKnownFileType = file.storyboard; name = Base; path = Base.lproj/LaunchScreen.storyboard; sourceTree = "<group>"; };
		B328323A26D93F23007CAD2A /* Info.plist */ = {isa = PBXFileReference; lastKnownFileType = text.plist.xml; path = Info.plist; sourceTree = "<group>"; };
		B328323F26D93F23007CAD2A /* achievementsTests.xctest */ = {isa = PBXFileReference; explicitFileType = wrapper.cfbundle; includeInIndex = 0; path = achievementsTests.xctest; sourceTree = BUILT_PRODUCTS_DIR; };
		B328324326D93F23007CAD2A /* achievementsTests.swift */ = {isa = PBXFileReference; lastKnownFileType = sourcecode.swift; path = achievementsTests.swift; sourceTree = "<group>"; };
		B328324526D93F23007CAD2A /* Info.plist */ = {isa = PBXFileReference; lastKnownFileType = text.plist.xml; path = Info.plist; sourceTree = "<group>"; };
		B328324A26D93F23007CAD2A /* achievementsUITests.xctest */ = {isa = PBXFileReference; explicitFileType = wrapper.cfbundle; includeInIndex = 0; path = achievementsUITests.xctest; sourceTree = BUILT_PRODUCTS_DIR; };
		B328324E26D93F23007CAD2A /* achievementsUITests.swift */ = {isa = PBXFileReference; lastKnownFileType = sourcecode.swift; path = achievementsUITests.swift; sourceTree = "<group>"; };
		B328325026D93F23007CAD2A /* Info.plist */ = {isa = PBXFileReference; lastKnownFileType = text.plist.xml; path = Info.plist; sourceTree = "<group>"; };
		B328325C26D94909007CAD2A /* DashboardController.swift */ = {isa = PBXFileReference; lastKnownFileType = sourcecode.swift; path = DashboardController.swift; sourceTree = "<group>"; };
		B328326826DBD1A0007CAD2A /* AchievementsDataModel.xcdatamodel */ = {isa = PBXFileReference; lastKnownFileType = wrapper.xcdatamodel; path = AchievementsDataModel.xcdatamodel; sourceTree = "<group>"; };
		B328326A26DBD253007CAD2A /* AchievementTransaction+CoreDataClass.swift */ = {isa = PBXFileReference; lastKnownFileType = sourcecode.swift; name = "AchievementTransaction+CoreDataClass.swift"; path = "achievements/Model/AchievementTransaction/AchievementTransaction+CoreDataClass.swift"; sourceTree = SOURCE_ROOT; };
		B328326B26DBD253007CAD2A /* AchievementTransaction+CoreDataProperties.swift */ = {isa = PBXFileReference; lastKnownFileType = sourcecode.swift; name = "AchievementTransaction+CoreDataProperties.swift"; path = "achievements/Model/AchievementTransaction/AchievementTransaction+CoreDataProperties.swift"; sourceTree = SOURCE_ROOT; };
		B328326E26DBD379007CAD2A /* AchievementsDataModel.swift */ = {isa = PBXFileReference; lastKnownFileType = sourcecode.swift; path = AchievementsDataModel.swift; sourceTree = "<group>"; };
		B328327226DC2D02007CAD2A /* TransactionFormController.swift */ = {isa = PBXFileReference; lastKnownFileType = sourcecode.swift; path = TransactionFormController.swift; sourceTree = "<group>"; };
		B349499226E1483E00829A5F /* HistoryTableViewController.swift */ = {isa = PBXFileReference; lastKnownFileType = sourcecode.swift; path = HistoryTableViewController.swift; sourceTree = "<group>"; };
		B349499426E1670F00829A5F /* TransactionDetailViewController.swift */ = {isa = PBXFileReference; lastKnownFileType = sourcecode.swift; path = TransactionDetailViewController.swift; sourceTree = "<group>"; };
		B349499626E3D31100829A5F /* TransactionTemplatesViewController.swift */ = {isa = PBXFileReference; lastKnownFileType = sourcecode.swift; path = TransactionTemplatesViewController.swift; sourceTree = "<group>"; };
		B349499826E3DB6E00829A5F /* TransactionTemplateFormController.swift */ = {isa = PBXFileReference; lastKnownFileType = sourcecode.swift; path = TransactionTemplateFormController.swift; sourceTree = "<group>"; };
		B381160226E10B130090029D /* HistoricalTransaction+CoreDataProperties.swift */ = {isa = PBXFileReference; fileEncoding = 4; lastKnownFileType = sourcecode.swift; path = "HistoricalTransaction+CoreDataProperties.swift"; sourceTree = "<group>"; };
		B381160326E10B130090029D /* HistoricalTransaction+CoreDataClass.swift */ = {isa = PBXFileReference; fileEncoding = 4; lastKnownFileType = sourcecode.swift; path = "HistoricalTransaction+CoreDataClass.swift"; sourceTree = "<group>"; };
		B3C5C4AD26E3E20800A52CBC /* TransactionTemplate+CoreDataClass.swift */ = {isa = PBXFileReference; lastKnownFileType = sourcecode.swift; path = "TransactionTemplate+CoreDataClass.swift"; sourceTree = "<group>"; };
		B3C5C4AE26E3E20800A52CBC /* TransactionTemplate+CoreDataProperties.swift */ = {isa = PBXFileReference; lastKnownFileType = sourcecode.swift; path = "TransactionTemplate+CoreDataProperties.swift"; sourceTree = "<group>"; };
		B91FC670CCE80E443AB4694D /* Pods_achievements.framework */ = {isa = PBXFileReference; explicitFileType = wrapper.framework; includeInIndex = 0; path = Pods_achievements.framework; sourceTree = BUILT_PRODUCTS_DIR; };
		C1A735B418EFC8B305903A53 /* Pods_achievements_achievementsUITests.framework */ = {isa = PBXFileReference; explicitFileType = wrapper.framework; includeInIndex = 0; path = Pods_achievements_achievementsUITests.framework; sourceTree = BUILT_PRODUCTS_DIR; };
		C896202FB7D32745338C8FF5 /* Pods_achievementsTests.framework */ = {isa = PBXFileReference; explicitFileType = wrapper.framework; includeInIndex = 0; path = Pods_achievementsTests.framework; sourceTree = BUILT_PRODUCTS_DIR; };
		DCF3F8DFA402F4542866A61B /* Pods-achievements-achievementsUITests.debug.xcconfig */ = {isa = PBXFileReference; includeInIndex = 1; lastKnownFileType = text.xcconfig; name = "Pods-achievements-achievementsUITests.debug.xcconfig"; path = "Target Support Files/Pods-achievements-achievementsUITests/Pods-achievements-achievementsUITests.debug.xcconfig"; sourceTree = "<group>"; };
		DF6DDB2F2D1F2054E42E5B4E /* Pods-achievements-achievementsUITests.release.xcconfig */ = {isa = PBXFileReference; includeInIndex = 1; lastKnownFileType = text.xcconfig; name = "Pods-achievements-achievementsUITests.release.xcconfig"; path = "Target Support Files/Pods-achievements-achievementsUITests/Pods-achievements-achievementsUITests.release.xcconfig"; sourceTree = "<group>"; };
		EE895DDBEC390C9EB3A0201C /* Pods-achievements.release.xcconfig */ = {isa = PBXFileReference; includeInIndex = 1; lastKnownFileType = text.xcconfig; name = "Pods-achievements.release.xcconfig"; path = "Target Support Files/Pods-achievements/Pods-achievements.release.xcconfig"; sourceTree = "<group>"; };
/* End PBXFileReference section */

/* Begin PBXFrameworksBuildPhase section */
		B328322626D93F22007CAD2A /* Frameworks */ = {
			isa = PBXFrameworksBuildPhase;
			buildActionMask = 2147483647;
			files = (
				9934B5CD83E2F83B4B865A9D /* Pods_achievements.framework in Frameworks */,
			);
			runOnlyForDeploymentPostprocessing = 0;
		};
		B328323C26D93F23007CAD2A /* Frameworks */ = {
			isa = PBXFrameworksBuildPhase;
			buildActionMask = 2147483647;
			files = (
				825E1D43BF3A8CD45660F60D /* Pods_achievementsTests.framework in Frameworks */,
			);
			runOnlyForDeploymentPostprocessing = 0;
		};
		B328324726D93F23007CAD2A /* Frameworks */ = {
			isa = PBXFrameworksBuildPhase;
			buildActionMask = 2147483647;
			files = (
				BFD6C785F97405A1226BF454 /* Pods_achievements_achievementsUITests.framework in Frameworks */,
			);
			runOnlyForDeploymentPostprocessing = 0;
		};
/* End PBXFrameworksBuildPhase section */

/* Begin PBXGroup section */
		511AD3E92AD0C565CD4324CB /* Pods */ = {
			isa = PBXGroup;
			children = (
				7CFC9745E66B8E13D341C26D /* Pods-achievements.debug.xcconfig */,
				EE895DDBEC390C9EB3A0201C /* Pods-achievements.release.xcconfig */,
				DCF3F8DFA402F4542866A61B /* Pods-achievements-achievementsUITests.debug.xcconfig */,
				DF6DDB2F2D1F2054E42E5B4E /* Pods-achievements-achievementsUITests.release.xcconfig */,
				63547EF14F7522796196D941 /* Pods-achievementsTests.debug.xcconfig */,
				28B15C75CF263CDDFB9F367A /* Pods-achievementsTests.release.xcconfig */,
			);
			path = Pods;
			sourceTree = "<group>";
		};
		B328322026D93F22007CAD2A = {
			isa = PBXGroup;
			children = (
				B328322B26D93F22007CAD2A /* achievements */,
				B328324226D93F23007CAD2A /* achievementsTests */,
				B328324D26D93F23007CAD2A /* achievementsUITests */,
				B328322A26D93F22007CAD2A /* Products */,
				511AD3E92AD0C565CD4324CB /* Pods */,
				E04F7E163FA5D1D646D68CC9 /* Frameworks */,
			);
			sourceTree = "<group>";
		};
		B328322A26D93F22007CAD2A /* Products */ = {
			isa = PBXGroup;
			children = (
				B328322926D93F22007CAD2A /* achievements.app */,
				B328323F26D93F23007CAD2A /* achievementsTests.xctest */,
				B328324A26D93F23007CAD2A /* achievementsUITests.xctest */,
			);
			name = Products;
			sourceTree = "<group>";
		};
		B328322B26D93F22007CAD2A /* achievements */ = {
			isa = PBXGroup;
			children = (
				B328327726DF90B9007CAD2A /* Controller */,
				B328327626DF90AB007CAD2A /* View */,
				B328327426DF908C007CAD2A /* Model */,
				B328322C26D93F22007CAD2A /* AppDelegate.swift */,
				B328322E26D93F22007CAD2A /* SceneDelegate.swift */,
				B328323526D93F23007CAD2A /* Assets.xcassets */,
				B328323A26D93F23007CAD2A /* Info.plist */,
			);
			path = achievements;
			sourceTree = "<group>";
		};
		B328324226D93F23007CAD2A /* achievementsTests */ = {
			isa = PBXGroup;
			children = (
				B328324326D93F23007CAD2A /* achievementsTests.swift */,
				B328324526D93F23007CAD2A /* Info.plist */,
			);
			path = achievementsTests;
			sourceTree = "<group>";
		};
		B328324D26D93F23007CAD2A /* achievementsUITests */ = {
			isa = PBXGroup;
			children = (
				B328324E26D93F23007CAD2A /* achievementsUITests.swift */,
				B328325026D93F23007CAD2A /* Info.plist */,
			);
			path = achievementsUITests;
			sourceTree = "<group>";
		};
		B328327426DF908C007CAD2A /* Model */ = {
			isa = PBXGroup;
			children = (
				B3C5C4AC26E3E1A200A52CBC /* TransactionTemplate */,
				B381160126E10A200090029D /* HistoricalTransaction */,
				B328326726DBD1A0007CAD2A /* AchievementsDataModel.xcdatamodeld */,
				B328326E26DBD379007CAD2A /* AchievementsDataModel.swift */,
				B328327526DF9094007CAD2A /* AchievementTransaction */,
			);
			path = Model;
			sourceTree = "<group>";
		};
		B328327526DF9094007CAD2A /* AchievementTransaction */ = {
			isa = PBXGroup;
			children = (
				B328326A26DBD253007CAD2A /* AchievementTransaction+CoreDataClass.swift */,
				B328326B26DBD253007CAD2A /* AchievementTransaction+CoreDataProperties.swift */,
			);
			path = AchievementTransaction;
			sourceTree = "<group>";
		};
		B328327626DF90AB007CAD2A /* View */ = {
			isa = PBXGroup;
			children = (
				B328323226D93F22007CAD2A /* Main.storyboard */,
				B328323726D93F23007CAD2A /* LaunchScreen.storyboard */,
			);
			path = View;
			sourceTree = "<group>";
		};
		B328327726DF90B9007CAD2A /* Controller */ = {
			isa = PBXGroup;
			children = (
				B328327226DC2D02007CAD2A /* TransactionFormController.swift */,
				B328325C26D94909007CAD2A /* DashboardController.swift */,
				B349499226E1483E00829A5F /* HistoryTableViewController.swift */,
				B349499426E1670F00829A5F /* TransactionDetailViewController.swift */,
				B349499626E3D31100829A5F /* TransactionTemplatesViewController.swift */,
				B349499826E3DB6E00829A5F /* TransactionTemplateFormController.swift */,
			);
			path = Controller;
			sourceTree = "<group>";
		};
		B381160126E10A200090029D /* HistoricalTransaction */ = {
			isa = PBXGroup;
			children = (
				B381160326E10B130090029D /* HistoricalTransaction+CoreDataClass.swift */,
				B381160226E10B130090029D /* HistoricalTransaction+CoreDataProperties.swift */,
			);
			path = HistoricalTransaction;
			sourceTree = "<group>";
		};
		B3C5C4AC26E3E1A200A52CBC /* TransactionTemplate */ = {
			isa = PBXGroup;
			children = (
				B3C5C4AD26E3E20800A52CBC /* TransactionTemplate+CoreDataClass.swift */,
				B3C5C4AE26E3E20800A52CBC /* TransactionTemplate+CoreDataProperties.swift */,
			);
			path = TransactionTemplate;
			sourceTree = "<group>";
		};
		E04F7E163FA5D1D646D68CC9 /* Frameworks */ = {
			isa = PBXGroup;
			children = (
				B91FC670CCE80E443AB4694D /* Pods_achievements.framework */,
				C1A735B418EFC8B305903A53 /* Pods_achievements_achievementsUITests.framework */,
				C896202FB7D32745338C8FF5 /* Pods_achievementsTests.framework */,
			);
			name = Frameworks;
			sourceTree = "<group>";
		};
/* End PBXGroup section */

/* Begin PBXNativeTarget section */
		B328322826D93F22007CAD2A /* achievements */ = {
			isa = PBXNativeTarget;
			buildConfigurationList = B328325326D93F23007CAD2A /* Build configuration list for PBXNativeTarget "achievements" */;
			buildPhases = (
				19BCB0EEE47263C108360A99 /* [CP] Check Pods Manifest.lock */,
				B328322526D93F22007CAD2A /* Sources */,
				B328322626D93F22007CAD2A /* Frameworks */,
				B328322726D93F22007CAD2A /* Resources */,
			);
			buildRules = (
			);
			dependencies = (
			);
			name = achievements;
			productName = achievements;
			productReference = B328322926D93F22007CAD2A /* achievements.app */;
			productType = "com.apple.product-type.application";
		};
		B328323E26D93F23007CAD2A /* achievementsTests */ = {
			isa = PBXNativeTarget;
			buildConfigurationList = B328325626D93F23007CAD2A /* Build configuration list for PBXNativeTarget "achievementsTests" */;
			buildPhases = (
				124E5E6C79EA9C103C27DB1F /* [CP] Check Pods Manifest.lock */,
				B328323B26D93F23007CAD2A /* Sources */,
				B328323C26D93F23007CAD2A /* Frameworks */,
				B328323D26D93F23007CAD2A /* Resources */,
			);
			buildRules = (
			);
			dependencies = (
				B328324126D93F23007CAD2A /* PBXTargetDependency */,
			);
			name = achievementsTests;
			productName = achievementsTests;
			productReference = B328323F26D93F23007CAD2A /* achievementsTests.xctest */;
			productType = "com.apple.product-type.bundle.unit-test";
		};
		B328324926D93F23007CAD2A /* achievementsUITests */ = {
			isa = PBXNativeTarget;
			buildConfigurationList = B328325926D93F23007CAD2A /* Build configuration list for PBXNativeTarget "achievementsUITests" */;
			buildPhases = (
				39B92542D3D2619505BFA76E /* [CP] Check Pods Manifest.lock */,
				B328324626D93F23007CAD2A /* Sources */,
				B328324726D93F23007CAD2A /* Frameworks */,
				B328324826D93F23007CAD2A /* Resources */,
			);
			buildRules = (
			);
			dependencies = (
				B328324C26D93F23007CAD2A /* PBXTargetDependency */,
			);
			name = achievementsUITests;
			productName = achievementsUITests;
			productReference = B328324A26D93F23007CAD2A /* achievementsUITests.xctest */;
			productType = "com.apple.product-type.bundle.ui-testing";
		};
/* End PBXNativeTarget section */

/* Begin PBXProject section */
		B328322126D93F22007CAD2A /* Project object */ = {
			isa = PBXProject;
			attributes = {
				LastSwiftUpdateCheck = 1250;
				LastUpgradeCheck = 1250;
				TargetAttributes = {
					B328322826D93F22007CAD2A = {
						CreatedOnToolsVersion = 12.5.1;
					};
					B328323E26D93F23007CAD2A = {
						CreatedOnToolsVersion = 12.5.1;
						TestTargetID = B328322826D93F22007CAD2A;
					};
					B328324926D93F23007CAD2A = {
						CreatedOnToolsVersion = 12.5.1;
						TestTargetID = B328322826D93F22007CAD2A;
					};
				};
			};
			buildConfigurationList = B328322426D93F22007CAD2A /* Build configuration list for PBXProject "achievements" */;
			compatibilityVersion = "Xcode 9.3";
			developmentRegion = en;
			hasScannedForEncodings = 0;
			knownRegions = (
				en,
				Base,
			);
			mainGroup = B328322026D93F22007CAD2A;
			productRefGroup = B328322A26D93F22007CAD2A /* Products */;
			projectDirPath = "";
			projectRoot = "";
			targets = (
				B328322826D93F22007CAD2A /* achievements */,
				B328323E26D93F23007CAD2A /* achievementsTests */,
				B328324926D93F23007CAD2A /* achievementsUITests */,
			);
		};
/* End PBXProject section */

/* Begin PBXResourcesBuildPhase section */
		B328322726D93F22007CAD2A /* Resources */ = {
			isa = PBXResourcesBuildPhase;
			buildActionMask = 2147483647;
			files = (
				B328323926D93F23007CAD2A /* LaunchScreen.storyboard in Resources */,
				B328323626D93F23007CAD2A /* Assets.xcassets in Resources */,
				B328323426D93F22007CAD2A /* Main.storyboard in Resources */,
			);
			runOnlyForDeploymentPostprocessing = 0;
		};
		B328323D26D93F23007CAD2A /* Resources */ = {
			isa = PBXResourcesBuildPhase;
			buildActionMask = 2147483647;
			files = (
			);
			runOnlyForDeploymentPostprocessing = 0;
		};
		B328324826D93F23007CAD2A /* Resources */ = {
			isa = PBXResourcesBuildPhase;
			buildActionMask = 2147483647;
			files = (
			);
			runOnlyForDeploymentPostprocessing = 0;
		};
/* End PBXResourcesBuildPhase section */

/* Begin PBXShellScriptBuildPhase section */
		124E5E6C79EA9C103C27DB1F /* [CP] Check Pods Manifest.lock */ = {
			isa = PBXShellScriptBuildPhase;
			buildActionMask = 2147483647;
			files = (
			);
			inputFileListPaths = (
			);
			inputPaths = (
				"${PODS_PODFILE_DIR_PATH}/Podfile.lock",
				"${PODS_ROOT}/Manifest.lock",
			);
			name = "[CP] Check Pods Manifest.lock";
			outputFileListPaths = (
			);
			outputPaths = (
				"$(DERIVED_FILE_DIR)/Pods-achievementsTests-checkManifestLockResult.txt",
			);
			runOnlyForDeploymentPostprocessing = 0;
			shellPath = /bin/sh;
			shellScript = "diff \"${PODS_PODFILE_DIR_PATH}/Podfile.lock\" \"${PODS_ROOT}/Manifest.lock\" > /dev/null\nif [ $? != 0 ] ; then\n    # print error to STDERR\n    echo \"error: The sandbox is not in sync with the Podfile.lock. Run 'pod install' or update your CocoaPods installation.\" >&2\n    exit 1\nfi\n# This output is used by Xcode 'outputs' to avoid re-running this script phase.\necho \"SUCCESS\" > \"${SCRIPT_OUTPUT_FILE_0}\"\n";
			showEnvVarsInLog = 0;
		};
		19BCB0EEE47263C108360A99 /* [CP] Check Pods Manifest.lock */ = {
			isa = PBXShellScriptBuildPhase;
			buildActionMask = 2147483647;
			files = (
			);
			inputFileListPaths = (
			);
			inputPaths = (
				"${PODS_PODFILE_DIR_PATH}/Podfile.lock",
				"${PODS_ROOT}/Manifest.lock",
			);
			name = "[CP] Check Pods Manifest.lock";
			outputFileListPaths = (
			);
			outputPaths = (
				"$(DERIVED_FILE_DIR)/Pods-achievements-checkManifestLockResult.txt",
			);
			runOnlyForDeploymentPostprocessing = 0;
			shellPath = /bin/sh;
			shellScript = "diff \"${PODS_PODFILE_DIR_PATH}/Podfile.lock\" \"${PODS_ROOT}/Manifest.lock\" > /dev/null\nif [ $? != 0 ] ; then\n    # print error to STDERR\n    echo \"error: The sandbox is not in sync with the Podfile.lock. Run 'pod install' or update your CocoaPods installation.\" >&2\n    exit 1\nfi\n# This output is used by Xcode 'outputs' to avoid re-running this script phase.\necho \"SUCCESS\" > \"${SCRIPT_OUTPUT_FILE_0}\"\n";
			showEnvVarsInLog = 0;
		};
		39B92542D3D2619505BFA76E /* [CP] Check Pods Manifest.lock */ = {
			isa = PBXShellScriptBuildPhase;
			buildActionMask = 2147483647;
			files = (
			);
			inputFileListPaths = (
			);
			inputPaths = (
				"${PODS_PODFILE_DIR_PATH}/Podfile.lock",
				"${PODS_ROOT}/Manifest.lock",
			);
			name = "[CP] Check Pods Manifest.lock";
			outputFileListPaths = (
			);
			outputPaths = (
				"$(DERIVED_FILE_DIR)/Pods-achievements-achievementsUITests-checkManifestLockResult.txt",
			);
			runOnlyForDeploymentPostprocessing = 0;
			shellPath = /bin/sh;
			shellScript = "diff \"${PODS_PODFILE_DIR_PATH}/Podfile.lock\" \"${PODS_ROOT}/Manifest.lock\" > /dev/null\nif [ $? != 0 ] ; then\n    # print error to STDERR\n    echo \"error: The sandbox is not in sync with the Podfile.lock. Run 'pod install' or update your CocoaPods installation.\" >&2\n    exit 1\nfi\n# This output is used by Xcode 'outputs' to avoid re-running this script phase.\necho \"SUCCESS\" > \"${SCRIPT_OUTPUT_FILE_0}\"\n";
			showEnvVarsInLog = 0;
		};
/* End PBXShellScriptBuildPhase section */

/* Begin PBXSourcesBuildPhase section */
		B328322526D93F22007CAD2A /* Sources */ = {
			isa = PBXSourcesBuildPhase;
			buildActionMask = 2147483647;
			files = (
				B381160526E10B130090029D /* HistoricalTransaction+CoreDataClass.swift in Sources */,
				B3C5C4AF26E3E20800A52CBC /* TransactionTemplate+CoreDataClass.swift in Sources */,
				B349499326E1483E00829A5F /* HistoryTableViewController.swift in Sources */,
				B349499926E3DB6E00829A5F /* TransactionTemplateFormController.swift in Sources */,
				B3C5C4B026E3E20800A52CBC /* TransactionTemplate+CoreDataProperties.swift in Sources */,
				B328327326DC2D02007CAD2A /* TransactionFormController.swift in Sources */,
				B328326C26DBD253007CAD2A /* AchievementTransaction+CoreDataClass.swift in Sources */,
				B349499726E3D31100829A5F /* TransactionTemplatesViewController.swift in Sources */,
				B349499526E1670F00829A5F /* TransactionDetailViewController.swift in Sources */,
				B328322D26D93F22007CAD2A /* AppDelegate.swift in Sources */,
				B328326D26DBD253007CAD2A /* AchievementTransaction+CoreDataProperties.swift in Sources */,
				B381160426E10B130090029D /* HistoricalTransaction+CoreDataProperties.swift in Sources */,
				B328325D26D94909007CAD2A /* DashboardController.swift in Sources */,
				B328322F26D93F22007CAD2A /* SceneDelegate.swift in Sources */,
				B328326F26DBD379007CAD2A /* AchievementsDataModel.swift in Sources */,
				B328326926DBD1A0007CAD2A /* AchievementsDataModel.xcdatamodeld in Sources */,
			);
			runOnlyForDeploymentPostprocessing = 0;
		};
		B328323B26D93F23007CAD2A /* Sources */ = {
			isa = PBXSourcesBuildPhase;
			buildActionMask = 2147483647;
			files = (
				B328324426D93F23007CAD2A /* achievementsTests.swift in Sources */,
			);
			runOnlyForDeploymentPostprocessing = 0;
		};
		B328324626D93F23007CAD2A /* Sources */ = {
			isa = PBXSourcesBuildPhase;
			buildActionMask = 2147483647;
			files = (
				B328324F26D93F23007CAD2A /* achievementsUITests.swift in Sources */,
			);
			runOnlyForDeploymentPostprocessing = 0;
		};
/* End PBXSourcesBuildPhase section */

/* Begin PBXTargetDependency section */
		B328324126D93F23007CAD2A /* PBXTargetDependency */ = {
			isa = PBXTargetDependency;
			target = B328322826D93F22007CAD2A /* achievements */;
			targetProxy = B328324026D93F23007CAD2A /* PBXContainerItemProxy */;
		};
		B328324C26D93F23007CAD2A /* PBXTargetDependency */ = {
			isa = PBXTargetDependency;
			target = B328322826D93F22007CAD2A /* achievements */;
			targetProxy = B328324B26D93F23007CAD2A /* PBXContainerItemProxy */;
		};
/* End PBXTargetDependency section */

/* Begin PBXVariantGroup section */
		B328323226D93F22007CAD2A /* Main.storyboard */ = {
			isa = PBXVariantGroup;
			children = (
				B328323326D93F22007CAD2A /* Base */,
			);
			name = Main.storyboard;
			sourceTree = "<group>";
		};
		B328323726D93F23007CAD2A /* LaunchScreen.storyboard */ = {
			isa = PBXVariantGroup;
			children = (
				B328323826D93F23007CAD2A /* Base */,
			);
			name = LaunchScreen.storyboard;
			sourceTree = "<group>";
		};
/* End PBXVariantGroup section */

/* Begin XCBuildConfiguration section */
		B328325126D93F23007CAD2A /* Debug */ = {
			isa = XCBuildConfiguration;
			buildSettings = {
				ALWAYS_SEARCH_USER_PATHS = NO;
				CLANG_ANALYZER_NONNULL = YES;
				CLANG_ANALYZER_NUMBER_OBJECT_CONVERSION = YES_AGGRESSIVE;
				CLANG_CXX_LANGUAGE_STANDARD = "gnu++14";
				CLANG_CXX_LIBRARY = "libc++";
				CLANG_ENABLE_MODULES = YES;
				CLANG_ENABLE_OBJC_ARC = YES;
				CLANG_ENABLE_OBJC_WEAK = YES;
				CLANG_WARN_BLOCK_CAPTURE_AUTORELEASING = YES;
				CLANG_WARN_BOOL_CONVERSION = YES;
				CLANG_WARN_COMMA = YES;
				CLANG_WARN_CONSTANT_CONVERSION = YES;
				CLANG_WARN_DEPRECATED_OBJC_IMPLEMENTATIONS = YES;
				CLANG_WARN_DIRECT_OBJC_ISA_USAGE = YES_ERROR;
				CLANG_WARN_DOCUMENTATION_COMMENTS = YES;
				CLANG_WARN_EMPTY_BODY = YES;
				CLANG_WARN_ENUM_CONVERSION = YES;
				CLANG_WARN_INFINITE_RECURSION = YES;
				CLANG_WARN_INT_CONVERSION = YES;
				CLANG_WARN_NON_LITERAL_NULL_CONVERSION = YES;
				CLANG_WARN_OBJC_IMPLICIT_RETAIN_SELF = YES;
				CLANG_WARN_OBJC_LITERAL_CONVERSION = YES;
				CLANG_WARN_OBJC_ROOT_CLASS = YES_ERROR;
				CLANG_WARN_QUOTED_INCLUDE_IN_FRAMEWORK_HEADER = YES;
				CLANG_WARN_RANGE_LOOP_ANALYSIS = YES;
				CLANG_WARN_STRICT_PROTOTYPES = YES;
				CLANG_WARN_SUSPICIOUS_MOVE = YES;
				CLANG_WARN_UNGUARDED_AVAILABILITY = YES_AGGRESSIVE;
				CLANG_WARN_UNREACHABLE_CODE = YES;
				CLANG_WARN__DUPLICATE_METHOD_MATCH = YES;
				COPY_PHASE_STRIP = NO;
				DEBUG_INFORMATION_FORMAT = dwarf;
				ENABLE_STRICT_OBJC_MSGSEND = YES;
				ENABLE_TESTABILITY = YES;
				GCC_C_LANGUAGE_STANDARD = gnu11;
				GCC_DYNAMIC_NO_PIC = NO;
				GCC_NO_COMMON_BLOCKS = YES;
				GCC_OPTIMIZATION_LEVEL = 0;
				GCC_PREPROCESSOR_DEFINITIONS = (
					"DEBUG=1",
					"$(inherited)",
				);
				GCC_WARN_64_TO_32_BIT_CONVERSION = YES;
				GCC_WARN_ABOUT_RETURN_TYPE = YES_ERROR;
				GCC_WARN_UNDECLARED_SELECTOR = YES;
				GCC_WARN_UNINITIALIZED_AUTOS = YES_AGGRESSIVE;
				GCC_WARN_UNUSED_FUNCTION = YES;
				GCC_WARN_UNUSED_VARIABLE = YES;
				IPHONEOS_DEPLOYMENT_TARGET = 14.5;
				MTL_ENABLE_DEBUG_INFO = INCLUDE_SOURCE;
				MTL_FAST_MATH = YES;
				ONLY_ACTIVE_ARCH = YES;
				SDKROOT = iphoneos;
				SWIFT_ACTIVE_COMPILATION_CONDITIONS = DEBUG;
				SWIFT_OPTIMIZATION_LEVEL = "-Onone";
			};
			name = Debug;
		};
		B328325226D93F23007CAD2A /* Release */ = {
			isa = XCBuildConfiguration;
			buildSettings = {
				ALWAYS_SEARCH_USER_PATHS = NO;
				CLANG_ANALYZER_NONNULL = YES;
				CLANG_ANALYZER_NUMBER_OBJECT_CONVERSION = YES_AGGRESSIVE;
				CLANG_CXX_LANGUAGE_STANDARD = "gnu++14";
				CLANG_CXX_LIBRARY = "libc++";
				CLANG_ENABLE_MODULES = YES;
				CLANG_ENABLE_OBJC_ARC = YES;
				CLANG_ENABLE_OBJC_WEAK = YES;
				CLANG_WARN_BLOCK_CAPTURE_AUTORELEASING = YES;
				CLANG_WARN_BOOL_CONVERSION = YES;
				CLANG_WARN_COMMA = YES;
				CLANG_WARN_CONSTANT_CONVERSION = YES;
				CLANG_WARN_DEPRECATED_OBJC_IMPLEMENTATIONS = YES;
				CLANG_WARN_DIRECT_OBJC_ISA_USAGE = YES_ERROR;
				CLANG_WARN_DOCUMENTATION_COMMENTS = YES;
				CLANG_WARN_EMPTY_BODY = YES;
				CLANG_WARN_ENUM_CONVERSION = YES;
				CLANG_WARN_INFINITE_RECURSION = YES;
				CLANG_WARN_INT_CONVERSION = YES;
				CLANG_WARN_NON_LITERAL_NULL_CONVERSION = YES;
				CLANG_WARN_OBJC_IMPLICIT_RETAIN_SELF = YES;
				CLANG_WARN_OBJC_LITERAL_CONVERSION = YES;
				CLANG_WARN_OBJC_ROOT_CLASS = YES_ERROR;
				CLANG_WARN_QUOTED_INCLUDE_IN_FRAMEWORK_HEADER = YES;
				CLANG_WARN_RANGE_LOOP_ANALYSIS = YES;
				CLANG_WARN_STRICT_PROTOTYPES = YES;
				CLANG_WARN_SUSPICIOUS_MOVE = YES;
				CLANG_WARN_UNGUARDED_AVAILABILITY = YES_AGGRESSIVE;
				CLANG_WARN_UNREACHABLE_CODE = YES;
				CLANG_WARN__DUPLICATE_METHOD_MATCH = YES;
				COPY_PHASE_STRIP = NO;
				DEBUG_INFORMATION_FORMAT = "dwarf-with-dsym";
				ENABLE_NS_ASSERTIONS = NO;
				ENABLE_STRICT_OBJC_MSGSEND = YES;
				GCC_C_LANGUAGE_STANDARD = gnu11;
				GCC_NO_COMMON_BLOCKS = YES;
				GCC_WARN_64_TO_32_BIT_CONVERSION = YES;
				GCC_WARN_ABOUT_RETURN_TYPE = YES_ERROR;
				GCC_WARN_UNDECLARED_SELECTOR = YES;
				GCC_WARN_UNINITIALIZED_AUTOS = YES_AGGRESSIVE;
				GCC_WARN_UNUSED_FUNCTION = YES;
				GCC_WARN_UNUSED_VARIABLE = YES;
				IPHONEOS_DEPLOYMENT_TARGET = 14.5;
				MTL_ENABLE_DEBUG_INFO = NO;
				MTL_FAST_MATH = YES;
				SDKROOT = iphoneos;
				SWIFT_COMPILATION_MODE = wholemodule;
				SWIFT_OPTIMIZATION_LEVEL = "-O";
				VALIDATE_PRODUCT = YES;
			};
			name = Release;
		};
		B328325426D93F23007CAD2A /* Debug */ = {
			isa = XCBuildConfiguration;
			baseConfigurationReference = 7CFC9745E66B8E13D341C26D /* Pods-achievements.debug.xcconfig */;
			buildSettings = {
				ASSETCATALOG_COMPILER_APPICON_NAME = AppIcon;
				ASSETCATALOG_COMPILER_GLOBAL_ACCENT_COLOR_NAME = AccentColor;
				CODE_SIGN_STYLE = Automatic;
				INFOPLIST_FILE = achievements/Info.plist;
				LD_RUNPATH_SEARCH_PATHS = (
					"$(inherited)",
					"@executable_path/Frameworks",
				);
				PRODUCT_BUNDLE_IDENTIFIER = com.dakalabs.achievements;
				PRODUCT_NAME = "$(TARGET_NAME)";
				SWIFT_VERSION = 5.0;
				TARGETED_DEVICE_FAMILY = "1,2";
			};
			name = Debug;
		};
		B328325526D93F23007CAD2A /* Release */ = {
			isa = XCBuildConfiguration;
			baseConfigurationReference = EE895DDBEC390C9EB3A0201C /* Pods-achievements.release.xcconfig */;
			buildSettings = {
				ASSETCATALOG_COMPILER_APPICON_NAME = AppIcon;
				ASSETCATALOG_COMPILER_GLOBAL_ACCENT_COLOR_NAME = AccentColor;
				CODE_SIGN_STYLE = Automatic;
				INFOPLIST_FILE = achievements/Info.plist;
				LD_RUNPATH_SEARCH_PATHS = (
					"$(inherited)",
					"@executable_path/Frameworks",
				);
				PRODUCT_BUNDLE_IDENTIFIER = com.dakalabs.achievements;
				PRODUCT_NAME = "$(TARGET_NAME)";
				SWIFT_VERSION = 5.0;
				TARGETED_DEVICE_FAMILY = "1,2";
			};
			name = Release;
		};
		B328325726D93F23007CAD2A /* Debug */ = {
			isa = XCBuildConfiguration;
			baseConfigurationReference = 63547EF14F7522796196D941 /* Pods-achievementsTests.debug.xcconfig */;
			buildSettings = {
				ALWAYS_EMBED_SWIFT_STANDARD_LIBRARIES = YES;
				BUNDLE_LOADER = "$(TEST_HOST)";
				CODE_SIGN_STYLE = Automatic;
				INFOPLIST_FILE = achievementsTests/Info.plist;
				IPHONEOS_DEPLOYMENT_TARGET = 14.5;
				LD_RUNPATH_SEARCH_PATHS = (
					"$(inherited)",
					"@executable_path/Frameworks",
					"@loader_path/Frameworks",
				);
				PRODUCT_BUNDLE_IDENTIFIER = com.dakalabs.achievementsTests;
				PRODUCT_NAME = "$(TARGET_NAME)";
				SWIFT_VERSION = 5.0;
				TARGETED_DEVICE_FAMILY = "1,2";
				TEST_HOST = "$(BUILT_PRODUCTS_DIR)/achievements.app/achievements";
			};
			name = Debug;
		};
		B328325826D93F23007CAD2A /* Release */ = {
			isa = XCBuildConfiguration;
			baseConfigurationReference = 28B15C75CF263CDDFB9F367A /* Pods-achievementsTests.release.xcconfig */;
			buildSettings = {
				ALWAYS_EMBED_SWIFT_STANDARD_LIBRARIES = YES;
				BUNDLE_LOADER = "$(TEST_HOST)";
				CODE_SIGN_STYLE = Automatic;
				INFOPLIST_FILE = achievementsTests/Info.plist;
				IPHONEOS_DEPLOYMENT_TARGET = 14.5;
				LD_RUNPATH_SEARCH_PATHS = (
					"$(inherited)",
					"@executable_path/Frameworks",
					"@loader_path/Frameworks",
				);
				PRODUCT_BUNDLE_IDENTIFIER = com.dakalabs.achievementsTests;
				PRODUCT_NAME = "$(TARGET_NAME)";
				SWIFT_VERSION = 5.0;
				TARGETED_DEVICE_FAMILY = "1,2";
				TEST_HOST = "$(BUILT_PRODUCTS_DIR)/achievements.app/achievements";
			};
			name = Release;
		};
		B328325A26D93F23007CAD2A /* Debug */ = {
			isa = XCBuildConfiguration;
			baseConfigurationReference = DCF3F8DFA402F4542866A61B /* Pods-achievements-achievementsUITests.debug.xcconfig */;
			buildSettings = {
				ALWAYS_EMBED_SWIFT_STANDARD_LIBRARIES = YES;
				CODE_SIGN_STYLE = Automatic;
				INFOPLIST_FILE = achievementsUITests/Info.plist;
				LD_RUNPATH_SEARCH_PATHS = (
					"$(inherited)",
					"@executable_path/Frameworks",
					"@loader_path/Frameworks",
				);
				PRODUCT_BUNDLE_IDENTIFIER = com.dakalabs.achievementsUITests;
				PRODUCT_NAME = "$(TARGET_NAME)";
				SWIFT_VERSION = 5.0;
				TARGETED_DEVICE_FAMILY = "1,2";
				TEST_TARGET_NAME = achievements;
			};
			name = Debug;
		};
		B328325B26D93F23007CAD2A /* Release */ = {
			isa = XCBuildConfiguration;
			baseConfigurationReference = DF6DDB2F2D1F2054E42E5B4E /* Pods-achievements-achievementsUITests.release.xcconfig */;
			buildSettings = {
				ALWAYS_EMBED_SWIFT_STANDARD_LIBRARIES = YES;
				CODE_SIGN_STYLE = Automatic;
				INFOPLIST_FILE = achievementsUITests/Info.plist;
				LD_RUNPATH_SEARCH_PATHS = (
					"$(inherited)",
					"@executable_path/Frameworks",
					"@loader_path/Frameworks",
				);
				PRODUCT_BUNDLE_IDENTIFIER = com.dakalabs.achievementsUITests;
				PRODUCT_NAME = "$(TARGET_NAME)";
				SWIFT_VERSION = 5.0;
				TARGETED_DEVICE_FAMILY = "1,2";
				TEST_TARGET_NAME = achievements;
			};
			name = Release;
		};
/* End XCBuildConfiguration section */

/* Begin XCConfigurationList section */
		B328322426D93F22007CAD2A /* Build configuration list for PBXProject "achievements" */ = {
			isa = XCConfigurationList;
			buildConfigurations = (
				B328325126D93F23007CAD2A /* Debug */,
				B328325226D93F23007CAD2A /* Release */,
			);
			defaultConfigurationIsVisible = 0;
			defaultConfigurationName = Release;
		};
		B328325326D93F23007CAD2A /* Build configuration list for PBXNativeTarget "achievements" */ = {
			isa = XCConfigurationList;
			buildConfigurations = (
				B328325426D93F23007CAD2A /* Debug */,
				B328325526D93F23007CAD2A /* Release */,
			);
			defaultConfigurationIsVisible = 0;
			defaultConfigurationName = Release;
		};
		B328325626D93F23007CAD2A /* Build configuration list for PBXNativeTarget "achievementsTests" */ = {
			isa = XCConfigurationList;
			buildConfigurations = (
				B328325726D93F23007CAD2A /* Debug */,
				B328325826D93F23007CAD2A /* Release */,
			);
			defaultConfigurationIsVisible = 0;
			defaultConfigurationName = Release;
		};
		B328325926D93F23007CAD2A /* Build configuration list for PBXNativeTarget "achievementsUITests" */ = {
			isa = XCConfigurationList;
			buildConfigurations = (
				B328325A26D93F23007CAD2A /* Debug */,
				B328325B26D93F23007CAD2A /* Release */,
			);
			defaultConfigurationIsVisible = 0;
			defaultConfigurationName = Release;
		};
/* End XCConfigurationList section */

/* Begin XCVersionGroup section */
		B328326726DBD1A0007CAD2A /* AchievementsDataModel.xcdatamodeld */ = {
			isa = XCVersionGroup;
			children = (
				B328326826DBD1A0007CAD2A /* AchievementsDataModel.xcdatamodel */,
			);
			currentVersion = B328326826DBD1A0007CAD2A /* AchievementsDataModel.xcdatamodel */;
			path = AchievementsDataModel.xcdatamodeld;
			sourceTree = "<group>";
			versionGroupType = wrapper.xcdatamodel;
		};
/* End XCVersionGroup section */
	};
	rootObject = B328322126D93F22007CAD2A /* Project object */;
}
